// !$*UTF8*$!
{
	archiveVersion = 1;
	classes = {
	};
	objectVersion = 77;
	objects = {

/* Begin PBXBuildFile section */
		5E1F1ABB2E23CF6B002DC408 /* CoreDataHelper.swift in Sources */ = {isa = PBXBuildFile; fileRef = 5E1F1ABA2E23CF6B002DC408 /* CoreDataHelper.swift */; };
		5E1F1AC72E23D679002DC408 /* Contact+CoreData.swift in Sources */ = {isa = PBXBuildFile; fileRef = 5E1F1AC22E23D679002DC408 /* Contact+CoreData.swift */; };
		5E1F1AC82E23D679002DC408 /* VideoLink+CoreData.swift in Sources */ = {isa = PBXBuildFile; fileRef = 5E1F1AC62E23D679002DC408 /* VideoLink+CoreData.swift */; };
		5E1F1AC92E23D679002DC408 /* Organization+CoreData.swift in Sources */ = {isa = PBXBuildFile; fileRef = 5E1F1AC32E23D679002DC408 /* Organization+CoreData.swift */; };
		5E1F1ACA2E23D679002DC408 /* AnimalEnvironment+CoreData.swift in Sources */ = {isa = PBXBuildFile; fileRef = 5E1F1AC02E23D679002DC408 /* AnimalEnvironment+CoreData.swift */; };
		5E1F1ACB2E23D679002DC408 /* Animal+CoreData.swift in Sources */ = {isa = PBXBuildFile; fileRef = 5E1F1ABE2E23D679002DC408 /* Animal+CoreData.swift */; };
		5E1F1ACC2E23D679002DC408 /* AnimalAttributes+CoreData.swift in Sources */ = {isa = PBXBuildFile; fileRef = 5E1F1ABF2E23D679002DC408 /* AnimalAttributes+CoreData.swift */; };
		5E1F1ACD2E23D679002DC408 /* Address+CoreData.swift in Sources */ = {isa = PBXBuildFile; fileRef = 5E1F1ABD2E23D679002DC408 /* Address+CoreData.swift */; };
		5E1F1ACE2E23D679002DC408 /* PhotoSizes+CoreData.swift in Sources */ = {isa = PBXBuildFile; fileRef = 5E1F1AC42E23D679002DC408 /* PhotoSizes+CoreData.swift */; };
		5E1F1ACF2E23D679002DC408 /* User+CoreData.swift in Sources */ = {isa = PBXBuildFile; fileRef = 5E1F1AC52E23D679002DC408 /* User+CoreData.swift */; };
		5E1F1AD02E23D679002DC408 /* APIColors+CoreData.swift in Sources */ = {isa = PBXBuildFile; fileRef = 5E1F1AC12E23D679002DC408 /* APIColors+CoreData.swift */; };
		5E1F1AD22E23DDEF002DC408 /* CoreDataPersistable.swift in Sources */ = {isa = PBXBuildFile; fileRef = 5E1F1AD12E23DDEF002DC408 /* CoreDataPersistable.swift */; };
		5E1F1AD42E23E1DF002DC408 /* Breed+CoreData.swift in Sources */ = {isa = PBXBuildFile; fileRef = 5E1F1AD32E23E1DF002DC408 /* Breed+CoreData.swift */; };
		5E1F1AD72E24C651002DC408 /* AnimalsNearYouViewModel.swift in Sources */ = {isa = PBXBuildFile; fileRef = 5E1F1AD62E24C651002DC408 /* AnimalsNearYouViewModel.swift */; };
		5E1F1ADA2E24CABF002DC408 /* FetchAnimalsService.swift in Sources */ = {isa = PBXBuildFile; fileRef = 5E1F1AD92E24CABF002DC408 /* FetchAnimalsService.swift */; };
		5E1F1ADC2E24CCFB002DC408 /* AnimalsFetcherMock.swift in Sources */ = {isa = PBXBuildFile; fileRef = 5E1F1ADB2E24CCFB002DC408 /* AnimalsFetcherMock.swift */; };
		5E1F1ADE2E24CDC1002DC408 /* AnimalStoreService.swift in Sources */ = {isa = PBXBuildFile; fileRef = 5E1F1ADD2E24CDC1002DC408 /* AnimalStoreService.swift */; };
		5E1F1AE22E24EA42002DC408 /* AnimalAttributesCard.swift in Sources */ = {isa = PBXBuildFile; fileRef = 5E1F1AE12E24EA42002DC408 /* AnimalAttributesCard.swift */; };
		5E228CBD2E2A5F7C0059EA41 /* sheep_sans.ttf in Resources */ = {isa = PBXBuildFile; fileRef = 5E228CBC2E2A5F7C0059EA41 /* sheep_sans.ttf */; };
		5E228CBF2E2A5FB60059EA41 /* CustomFont.swift in Sources */ = {isa = PBXBuildFile; fileRef = 5E228CBE2E2A5FB60059EA41 /* CustomFont.swift */; };
		5E228CC22E2A638A0059EA41 /* Localizable.strings in Resources */ = {isa = PBXBuildFile; fileRef = 5E228CC02E2A638A0059EA41 /* Localizable.strings */; };
		5E228CC52E2A6D020059EA41 /* RequestLocationView.swift in Sources */ = {isa = PBXBuildFile; fileRef = 5E228CC42E2A6D020059EA41 /* RequestLocationView.swift */; };
		5E43DE9D2E2605D10026C00E /* SearchViewModelTestCase.swift in Sources */ = {isa = PBXBuildFile; fileRef = 5E43DE9C2E2605D10026C00E /* SearchViewModelTestCase.swift */; };
		5E58CE7F2E1FE4D70049B458 /* Animal .swift in Sources */ = {isa = PBXBuildFile; fileRef = 5E58CE7E2E1FE4D70049B458 /* Animal .swift */; };
		5E5AFF4E2E1FEB64002A7426 /* AnimalsMock.swift in Sources */ = {isa = PBXBuildFile; fileRef = 5E5AFF4D2E1FEB64002A7426 /* AnimalsMock.swift */; };
		5E5AFF5E2E209641002A7426 /* CoreDataTests.swift in Sources */ = {isa = PBXBuildFile; fileRef = 5E5AFF5C2E209641002A7426 /* CoreDataTests.swift */; };
		5E5AFF752E2096A2002A7426 /* PetSaveUITests.swift in Sources */ = {isa = PBXBuildFile; fileRef = 5E5AFF722E2096A2002A7426 /* PetSaveUITests.swift */; };
		5E5AFF792E220164002A7426 /* RequestProtocol.swift in Sources */ = {isa = PBXBuildFile; fileRef = 5E5AFF782E220164002A7426 /* RequestProtocol.swift */; };
		5E5AFF7B2E22023B002A7426 /* RequestType.swift in Sources */ = {isa = PBXBuildFile; fileRef = 5E5AFF7A2E22023B002A7426 /* RequestType.swift */; };
		5E5AFF7E2E2207CA002A7426 /* APIManager.swift in Sources */ = {isa = PBXBuildFile; fileRef = 5E5AFF7D2E2207CA002A7426 /* APIManager.swift */; };
		5E5AFF802E220E69002A7426 /* RequestManager.swift in Sources */ = {isa = PBXBuildFile; fileRef = 5E5AFF7F2E220E69002A7426 /* RequestManager.swift */; };
		5E5AFF832E220F2C002A7426 /* DataParser.swift in Sources */ = {isa = PBXBuildFile; fileRef = 5E5AFF822E220F2C002A7426 /* DataParser.swift */; };
		5E5AFF852E220FFA002A7426 /* network .swift in Sources */ = {isa = PBXBuildFile; fileRef = 5E5AFF842E220FFA002A7426 /* network .swift */; };
		5E5AFF882E22113C002A7426 /* AuthTokenRequest.swift in Sources */ = {isa = PBXBuildFile; fileRef = 5E5AFF872E22113C002A7426 /* AuthTokenRequest.swift */; };
		5E5AFF8B2E2212A4002A7426 /* APIToken .swift in Sources */ = {isa = PBXBuildFile; fileRef = 5E5AFF8A2E2212A4002A7426 /* APIToken .swift */; };
		5E5AFF8E2E221568002A7426 /* AnimalsRequest.swift in Sources */ = {isa = PBXBuildFile; fileRef = 5E5AFF8D2E221568002A7426 /* AnimalsRequest.swift */; };
		5E5AFF902E2217C9002A7426 /* AnimalsContainer.swift in Sources */ = {isa = PBXBuildFile; fileRef = 5E5AFF8F2E2217C9002A7426 /* AnimalsContainer.swift */; };
		5E5AFF922E22196A002A7426 /* AnimalRow.swift in Sources */ = {isa = PBXBuildFile; fileRef = 5E5AFF912E22196A002A7426 /* AnimalRow.swift */; };
		5E5AFF952E221DC7002A7426 /* AccesTokenManager.swift in Sources */ = {isa = PBXBuildFile; fileRef = 5E5AFF942E221DC7002A7426 /* AccesTokenManager.swift */; };
		5E5AFF972E221E33002A7426 /* AppUserDefaultsKeys.swift in Sources */ = {isa = PBXBuildFile; fileRef = 5E5AFF962E221E33002A7426 /* AppUserDefaultsKeys.swift */; };
		5E5AFF9D2E2241AD002A7426 /* APIManagerMock.swift in Sources */ = {isa = PBXBuildFile; fileRef = 5E5AFF9C2E2241AD002A7426 /* APIManagerMock.swift */; };
		5E5AFF9F2E22422A002A7426 /* AccessTokenTestHelper.swift in Sources */ = {isa = PBXBuildFile; fileRef = 5E5AFF9E2E22422A002A7426 /* AccessTokenTestHelper.swift */; };
		5E5AFFA12E2242D2002A7426 /* AnimalsRequestMock.swift in Sources */ = {isa = PBXBuildFile; fileRef = 5E5AFFA02E2242D2002A7426 /* AnimalsRequestMock.swift */; };
		5E5AFFA32E224330002A7426 /* RequestManagerTests.swift in Sources */ = {isa = PBXBuildFile; fileRef = 5E5AFFA22E224330002A7426 /* RequestManagerTests.swift */; };
		5E5AFFA42E22ACBD002A7426 /* AnimalsMock.json in Resources */ = {isa = PBXBuildFile; fileRef = 5EB200842E1CDC25007B75AA /* AnimalsMock.json */; };
		5E5AFFA52E22ACBD002A7426 /* AnimalsMock.json in Resources */ = {isa = PBXBuildFile; fileRef = 5EB200842E1CDC25007B75AA /* AnimalsMock.json */; };
		5E5AFFA62E22ACBD002A7426 /* AnimalsMock.json in Resources */ = {isa = PBXBuildFile; fileRef = 5EB200842E1CDC25007B75AA /* AnimalsMock.json */; };
		5E5AFFA82E22AD28002A7426 /* AccesTokenManagerTests.swift in Sources */ = {isa = PBXBuildFile; fileRef = 5E5AFFA72E22AD28002A7426 /* AccesTokenManagerTests.swift */; };
		5E91E32E2E28C31800F73418 /* PetRankingView.swift in Sources */ = {isa = PBXBuildFile; fileRef = 5E91E32D2E28C31800F73418 /* PetRankingView.swift */; };
		5E91E3302E28D6CF00F73418 /* Color+Extensions.swift in Sources */ = {isa = PBXBuildFile; fileRef = 5E91E32F2E28D6CF00F73418 /* Color+Extensions.swift */; };
		5E91E3322E292EE000F73418 /* LaunchScreen.storyboard in Resources */ = {isa = PBXBuildFile; fileRef = 5E91E3312E292EE000F73418 /* LaunchScreen.storyboard */; };
		5EAB96272E26138600864462 /* PetSaveOnboarding.framework in Frameworks */ = {isa = PBXBuildFile; fileRef = 5EAB96212E26138600864462 /* PetSaveOnboarding.framework */; };
		5EAB96282E26138600864462 /* PetSaveOnboarding.framework in Embed Frameworks */ = {isa = PBXBuildFile; fileRef = 5EAB96212E26138600864462 /* PetSaveOnboarding.framework */; settings = {ATTRIBUTES = (CodeSignOnCopy, RemoveHeadersOnCopy, ); }; };
		5EB200212E1CCE7A007B75AA /* ContentView.swift in Sources */ = {isa = PBXBuildFile; fileRef = 5EB2001E2E1CCE7A007B75AA /* ContentView.swift */; };
		5EB200222E1CCE7A007B75AA /* PetSaveApp.swift in Sources */ = {isa = PBXBuildFile; fileRef = 5EB2001F2E1CCE7A007B75AA /* PetSaveApp.swift */; };
		5EB200232E1CCE7A007B75AA /* Assets.xcassets in Resources */ = {isa = PBXBuildFile; fileRef = 5EB2001D2E1CCE7A007B75AA /* Assets.xcassets */; };
		5EB200292E1CCEE1007B75AA /* APIConstants.swift in Sources */ = {isa = PBXBuildFile; fileRef = 5EB200282E1CCEE1007B75AA /* APIConstants.swift */; };
		5EB2002C2E1CCF1B007B75AA /* PetSave.xcdatamodeld in Sources */ = {isa = PBXBuildFile; fileRef = 5EB2002A2E1CCF1B007B75AA /* PetSave.xcdatamodeld */; };
		5EB2002E2E1CCF64007B75AA /* Persistence.swift in Sources */ = {isa = PBXBuildFile; fileRef = 5EB2002D2E1CCF64007B75AA /* Persistence.swift */; };
		5EB200352E1CD296007B75AA /* Organization.swift in Sources */ = {isa = PBXBuildFile; fileRef = 5EB200342E1CD296007B75AA /* Organization.swift */; };
		5EB200372E1CD2DB007B75AA /* User.swift in Sources */ = {isa = PBXBuildFile; fileRef = 5EB200362E1CD2DB007B75AA /* User.swift */; };
		5EB2003A2E1CD305007B75AA /* Details .swift in Sources */ = {isa = PBXBuildFile; fileRef = 5EB200392E1CD305007B75AA /* Details .swift */; };
		5EB2003C2E1CD372007B75AA /* Coat .swift in Sources */ = {isa = PBXBuildFile; fileRef = 5EB2003B2E1CD372007B75AA /* Coat .swift */; };
		5EB2003E2E1CD3A8007B75AA /* Size.swift in Sources */ = {isa = PBXBuildFile; fileRef = 5EB2003D2E1CD3A8007B75AA /* Size.swift */; };
		5EB200402E1CD3B9007B75AA /* Gender.swift in Sources */ = {isa = PBXBuildFile; fileRef = 5EB2003F2E1CD3B9007B75AA /* Gender.swift */; };
		5EB200422E1CD3E6007B75AA /* Age.swift in Sources */ = {isa = PBXBuildFile; fileRef = 5EB200412E1CD3E6007B75AA /* Age.swift */; };
		5EB200442E1CD400007B75AA /* Breed.swift in Sources */ = {isa = PBXBuildFile; fileRef = 5EB200432E1CD400007B75AA /* Breed.swift */; };
		5EB200462E1CD416007B75AA /* PhotoSize.swift in Sources */ = {isa = PBXBuildFile; fileRef = 5EB200452E1CD416007B75AA /* PhotoSize.swift */; };
		5EB200482E1CD42E007B75AA /* VideoLink.swift in Sources */ = {isa = PBXBuildFile; fileRef = 5EB200472E1CD42E007B75AA /* VideoLink.swift */; };
		5EB2004A2E1CD446007B75AA /* AnimalAttributes.swift in Sources */ = {isa = PBXBuildFile; fileRef = 5EB200492E1CD446007B75AA /* AnimalAttributes.swift */; };
		5EB2004C2E1CD46F007B75AA /* AnimalEnviroment.swift in Sources */ = {isa = PBXBuildFile; fileRef = 5EB2004B2E1CD46F007B75AA /* AnimalEnviroment.swift */; };
		5EB2004E2E1CD485007B75AA /* APIColors.swift in Sources */ = {isa = PBXBuildFile; fileRef = 5EB2004D2E1CD485007B75AA /* APIColors.swift */; };
		5EB200502E1CD49E007B75AA /* AdoptionStatus.swift in Sources */ = {isa = PBXBuildFile; fileRef = 5EB2004F2E1CD49E007B75AA /* AdoptionStatus.swift */; };
		5EB200522E1CD4AF007B75AA /* Pagination.swift in Sources */ = {isa = PBXBuildFile; fileRef = 5EB200512E1CD4AF007B75AA /* Pagination.swift */; };
		5EB200552E1CD511007B75AA /* AddressFetcher.swift in Sources */ = {isa = PBXBuildFile; fileRef = 5EB200542E1CD511007B75AA /* AddressFetcher.swift */; };
		5EB200572E1CD56B007B75AA /* LocationManager.swift in Sources */ = {isa = PBXBuildFile; fileRef = 5EB200562E1CD56B007B75AA /* LocationManager.swift */; };
		5EB200612E1CD603007B75AA /* AnimalHeaderView.swift in Sources */ = {isa = PBXBuildFile; fileRef = 5EB2005E2E1CD603007B75AA /* AnimalHeaderView.swift */; };
		5EB200622E1CD603007B75AA /* AnimalDetailRow.swift in Sources */ = {isa = PBXBuildFile; fileRef = 5EB200592E1CD603007B75AA /* AnimalDetailRow.swift */; };
		5EB200632E1CD603007B75AA /* AnimalDetailCard.swift in Sources */ = {isa = PBXBuildFile; fileRef = 5EB2005A2E1CD603007B75AA /* AnimalDetailCard.swift */; };
		5EB200642E1CD603007B75AA /* AnimalContactLink.swift in Sources */ = {isa = PBXBuildFile; fileRef = 5EB2005C2E1CD603007B75AA /* AnimalContactLink.swift */; };
		5EB200652E1CD603007B75AA /* AnimalLocationView.swift in Sources */ = {isa = PBXBuildFile; fileRef = 5EB2005D2E1CD603007B75AA /* AnimalLocationView.swift */; };
		5EB200662E1CD603007B75AA /* AnimalContactsView.swift in Sources */ = {isa = PBXBuildFile; fileRef = 5EB2005B2E1CD603007B75AA /* AnimalContactsView.swift */; };
		5EB200672E1CD603007B75AA /* AnimalDetailsView.swift in Sources */ = {isa = PBXBuildFile; fileRef = 5EB200582E1CD603007B75AA /* AnimalDetailsView.swift */; };
		5EB2006B2E1CD701007B75AA /* AnimalsNearYouView.swift in Sources */ = {isa = PBXBuildFile; fileRef = 5EB2006A2E1CD701007B75AA /* AnimalsNearYouView.swift */; };
		5EB2006F2E1CD7D3007B75AA /* AnimalSearchType.swift in Sources */ = {isa = PBXBuildFile; fileRef = 5EB2006E2E1CD7D3007B75AA /* AnimalSearchType.swift */; };
		5EB200712E1CD7F9007B75AA /* AnimalSearchAge.swift in Sources */ = {isa = PBXBuildFile; fileRef = 5EB200702E1CD7F9007B75AA /* AnimalSearchAge.swift */; };
		5EB200772E1CD80F007B75AA /* SuggestionsGrid.swift in Sources */ = {isa = PBXBuildFile; fileRef = 5EB200742E1CD80F007B75AA /* SuggestionsGrid.swift */; };
		5EB200782E1CD80F007B75AA /* SearchView.swift in Sources */ = {isa = PBXBuildFile; fileRef = 5EB200752E1CD80F007B75AA /* SearchView.swift */; };
		5EB200792E1CD80F007B75AA /* AnimalTypeSuggestionView.swift in Sources */ = {isa = PBXBuildFile; fileRef = 5EB200722E1CD80F007B75AA /* AnimalTypeSuggestionView.swift */; };
		5EB2007A2E1CD80F007B75AA /* EmptyResultsView.swift in Sources */ = {isa = PBXBuildFile; fileRef = 5EB200732E1CD80F007B75AA /* EmptyResultsView.swift */; };
		5EB9E73A2E24ED1D00832196 /* AnimalsNearYouViewModelTestCase.swift in Sources */ = {isa = PBXBuildFile; fileRef = 5EB9E7392E24ED1D00832196 /* AnimalsNearYouViewModelTestCase.swift */; };
		5EB9E7422E25F59500832196 /* AnimalListView.swift in Sources */ = {isa = PBXBuildFile; fileRef = 5EB9E7412E25F59500832196 /* AnimalListView.swift */; };
		5EB9E7452E25F8F500832196 /* SearchViewModel.swift in Sources */ = {isa = PBXBuildFile; fileRef = 5EB9E7442E25F8F500832196 /* SearchViewModel.swift */; };
		5EB9E7482E25F98900832196 /* AnimalSearcherService.swift in Sources */ = {isa = PBXBuildFile; fileRef = 5EB9E7472E25F98900832196 /* AnimalSearcherService.swift */; };
		5EB9E74A2E25FC9600832196 /* AnimalSearcherMock.swift in Sources */ = {isa = PBXBuildFile; fileRef = 5EB9E7492E25FC9600832196 /* AnimalSearcherMock.swift */; };
		5EB9E74C2E25FF8600832196 /* SearchFilterView.swift in Sources */ = {isa = PBXBuildFile; fileRef = 5EB9E74B2E25FF8600832196 /* SearchFilterView.swift */; };
		5EB9E74E2E26012C00832196 /* FilterAnimals.swift in Sources */ = {isa = PBXBuildFile; fileRef = 5EB9E74D2E26012C00832196 /* FilterAnimals.swift */; };
		5EC66FEB2E2631DB0030B3EF /* PetSaveOnboarding in Frameworks */ = {isa = PBXBuildFile; productRef = 5EC66FEA2E2631DB0030B3EF /* PetSaveOnboarding */; };
		5EC66FED2E267C390030B3EF /* NavigationRouter.swift in Sources */ = {isa = PBXBuildFile; fileRef = 5EC66FEC2E267C390030B3EF /* NavigationRouter.swift */; };
		5EC66FEF2E267FE40030B3EF /* PetSaveTabType .swift in Sources */ = {isa = PBXBuildFile; fileRef = 5EC66FEE2E267FE40030B3EF /* PetSaveTabType .swift */; };
		5EC66FF12E267FF70030B3EF /* PetSaveTabNavigator.swift in Sources */ = {isa = PBXBuildFile; fileRef = 5EC66FF02E267FF70030B3EF /* PetSaveTabNavigator.swift */; };
		5EF0F4D52E2766C500534B2A /* LoadingAnimation.swift in Sources */ = {isa = PBXBuildFile; fileRef = 5EF0F4D42E2766C500534B2A /* LoadingAnimation.swift */; };
/* End PBXBuildFile section */

/* Begin PBXContainerItemProxy section */
		5E5AFF572E20963B002A7426 /* PBXContainerItemProxy */ = {
			isa = PBXContainerItemProxy;
			containerPortal = 5EB200072E1CCE72007B75AA /* Project object */;
			proxyType = 1;
			remoteGlobalIDString = 5EB2000E2E1CCE73007B75AA;
			remoteInfo = PetSave;
		};
		5E5AFF6D2E20969E002A7426 /* PBXContainerItemProxy */ = {
			isa = PBXContainerItemProxy;
			containerPortal = 5EB200072E1CCE72007B75AA /* Project object */;
			proxyType = 1;
			remoteGlobalIDString = 5EB2000E2E1CCE73007B75AA;
			remoteInfo = PetSave;
		};
		5EAB96252E26138600864462 /* PBXContainerItemProxy */ = {
			isa = PBXContainerItemProxy;
			containerPortal = 5EB200072E1CCE72007B75AA /* Project object */;
			proxyType = 1;
			remoteGlobalIDString = 5EAB96202E26138600864462;
			remoteInfo = PetSaveOnboarding;
		};
/* End PBXContainerItemProxy section */

/* Begin PBXCopyFilesBuildPhase section */
		5EAB96292E26138600864462 /* Embed Frameworks */ = {
			isa = PBXCopyFilesBuildPhase;
			buildActionMask = 2147483647;
			dstPath = "";
			dstSubfolderSpec = 10;
			files = (
				5EAB96282E26138600864462 /* PetSaveOnboarding.framework in Embed Frameworks */,
			);
			name = "Embed Frameworks";
			runOnlyForDeploymentPostprocessing = 0;
		};
/* End PBXCopyFilesBuildPhase section */

/* Begin PBXFileReference section */
		5E1F1ABA2E23CF6B002DC408 /* CoreDataHelper.swift */ = {isa = PBXFileReference; lastKnownFileType = sourcecode.swift; path = CoreDataHelper.swift; sourceTree = "<group>"; };
		5E1F1ABD2E23D679002DC408 /* Address+CoreData.swift */ = {isa = PBXFileReference; lastKnownFileType = sourcecode.swift; path = "Address+CoreData.swift"; sourceTree = "<group>"; };
		5E1F1ABE2E23D679002DC408 /* Animal+CoreData.swift */ = {isa = PBXFileReference; lastKnownFileType = sourcecode.swift; path = "Animal+CoreData.swift"; sourceTree = "<group>"; };
		5E1F1ABF2E23D679002DC408 /* AnimalAttributes+CoreData.swift */ = {isa = PBXFileReference; lastKnownFileType = sourcecode.swift; path = "AnimalAttributes+CoreData.swift"; sourceTree = "<group>"; };
		5E1F1AC02E23D679002DC408 /* AnimalEnvironment+CoreData.swift */ = {isa = PBXFileReference; lastKnownFileType = sourcecode.swift; path = "AnimalEnvironment+CoreData.swift"; sourceTree = "<group>"; };
		5E1F1AC12E23D679002DC408 /* APIColors+CoreData.swift */ = {isa = PBXFileReference; lastKnownFileType = sourcecode.swift; path = "APIColors+CoreData.swift"; sourceTree = "<group>"; };
		5E1F1AC22E23D679002DC408 /* Contact+CoreData.swift */ = {isa = PBXFileReference; lastKnownFileType = sourcecode.swift; path = "Contact+CoreData.swift"; sourceTree = "<group>"; };
		5E1F1AC32E23D679002DC408 /* Organization+CoreData.swift */ = {isa = PBXFileReference; lastKnownFileType = sourcecode.swift; path = "Organization+CoreData.swift"; sourceTree = "<group>"; };
		5E1F1AC42E23D679002DC408 /* PhotoSizes+CoreData.swift */ = {isa = PBXFileReference; lastKnownFileType = sourcecode.swift; path = "PhotoSizes+CoreData.swift"; sourceTree = "<group>"; };
		5E1F1AC52E23D679002DC408 /* User+CoreData.swift */ = {isa = PBXFileReference; lastKnownFileType = sourcecode.swift; path = "User+CoreData.swift"; sourceTree = "<group>"; };
		5E1F1AC62E23D679002DC408 /* VideoLink+CoreData.swift */ = {isa = PBXFileReference; lastKnownFileType = sourcecode.swift; path = "VideoLink+CoreData.swift"; sourceTree = "<group>"; };
		5E1F1AD12E23DDEF002DC408 /* CoreDataPersistable.swift */ = {isa = PBXFileReference; lastKnownFileType = sourcecode.swift; path = CoreDataPersistable.swift; sourceTree = "<group>"; };
		5E1F1AD32E23E1DF002DC408 /* Breed+CoreData.swift */ = {isa = PBXFileReference; lastKnownFileType = sourcecode.swift; path = "Breed+CoreData.swift"; sourceTree = "<group>"; };
		5E1F1AD62E24C651002DC408 /* AnimalsNearYouViewModel.swift */ = {isa = PBXFileReference; lastKnownFileType = sourcecode.swift; path = AnimalsNearYouViewModel.swift; sourceTree = "<group>"; };
		5E1F1AD92E24CABF002DC408 /* FetchAnimalsService.swift */ = {isa = PBXFileReference; lastKnownFileType = sourcecode.swift; path = FetchAnimalsService.swift; sourceTree = "<group>"; };
		5E1F1ADB2E24CCFB002DC408 /* AnimalsFetcherMock.swift */ = {isa = PBXFileReference; lastKnownFileType = sourcecode.swift; path = AnimalsFetcherMock.swift; sourceTree = "<group>"; };
		5E1F1ADD2E24CDC1002DC408 /* AnimalStoreService.swift */ = {isa = PBXFileReference; lastKnownFileType = sourcecode.swift; path = AnimalStoreService.swift; sourceTree = "<group>"; };
		5E1F1AE12E24EA42002DC408 /* AnimalAttributesCard.swift */ = {isa = PBXFileReference; lastKnownFileType = sourcecode.swift; path = AnimalAttributesCard.swift; sourceTree = "<group>"; };
		5E228CBC2E2A5F7C0059EA41 /* sheep_sans.ttf */ = {isa = PBXFileReference; lastKnownFileType = file; path = sheep_sans.ttf; sourceTree = "<group>"; };
		5E228CBE2E2A5FB60059EA41 /* CustomFont.swift */ = {isa = PBXFileReference; lastKnownFileType = sourcecode.swift; path = CustomFont.swift; sourceTree = "<group>"; };
		5E228CC12E2A638A0059EA41 /* en */ = {isa = PBXFileReference; lastKnownFileType = text.plist.strings; name = en; path = en.lproj/Localizable.strings; sourceTree = "<group>"; };
		5E228CC32E2A63F80059EA41 /* es-US */ = {isa = PBXFileReference; lastKnownFileType = text.plist.strings; name = "es-US"; path = "es-US.lproj/Localizable.strings"; sourceTree = "<group>"; };
		5E228CC42E2A6D020059EA41 /* RequestLocationView.swift */ = {isa = PBXFileReference; lastKnownFileType = sourcecode.swift; path = RequestLocationView.swift; sourceTree = "<group>"; };
		5E43DE9C2E2605D10026C00E /* SearchViewModelTestCase.swift */ = {isa = PBXFileReference; lastKnownFileType = sourcecode.swift; path = SearchViewModelTestCase.swift; sourceTree = "<group>"; };
		5E58CE7E2E1FE4D70049B458 /* Animal .swift */ = {isa = PBXFileReference; lastKnownFileType = sourcecode.swift; path = "Animal .swift"; sourceTree = "<group>"; };
		5E5AFF4D2E1FEB64002A7426 /* AnimalsMock.swift */ = {isa = PBXFileReference; lastKnownFileType = sourcecode.swift; path = AnimalsMock.swift; sourceTree = "<group>"; };
		5E5AFF532E20963B002A7426 /* PetSaveTests.xctest */ = {isa = PBXFileReference; explicitFileType = wrapper.cfbundle; includeInIndex = 0; path = PetSaveTests.xctest; sourceTree = BUILT_PRODUCTS_DIR; };
		5E5AFF5C2E209641002A7426 /* CoreDataTests.swift */ = {isa = PBXFileReference; lastKnownFileType = sourcecode.swift; path = CoreDataTests.swift; sourceTree = "<group>"; };
		5E5AFF672E20969E002A7426 /* PetSaveUITests.xctest */ = {isa = PBXFileReference; explicitFileType = wrapper.cfbundle; includeInIndex = 0; path = PetSaveUITests.xctest; sourceTree = BUILT_PRODUCTS_DIR; };
		5E5AFF722E2096A2002A7426 /* PetSaveUITests.swift */ = {isa = PBXFileReference; lastKnownFileType = sourcecode.swift; path = PetSaveUITests.swift; sourceTree = "<group>"; };
		5E5AFF782E220164002A7426 /* RequestProtocol.swift */ = {isa = PBXFileReference; lastKnownFileType = sourcecode.swift; path = RequestProtocol.swift; sourceTree = "<group>"; };
		5E5AFF7A2E22023B002A7426 /* RequestType.swift */ = {isa = PBXFileReference; lastKnownFileType = sourcecode.swift; path = RequestType.swift; sourceTree = "<group>"; };
		5E5AFF7D2E2207CA002A7426 /* APIManager.swift */ = {isa = PBXFileReference; lastKnownFileType = sourcecode.swift; path = APIManager.swift; sourceTree = "<group>"; };
		5E5AFF7F2E220E69002A7426 /* RequestManager.swift */ = {isa = PBXFileReference; lastKnownFileType = sourcecode.swift; path = RequestManager.swift; sourceTree = "<group>"; };
		5E5AFF822E220F2C002A7426 /* DataParser.swift */ = {isa = PBXFileReference; lastKnownFileType = sourcecode.swift; path = DataParser.swift; sourceTree = "<group>"; };
		5E5AFF842E220FFA002A7426 /* network .swift */ = {isa = PBXFileReference; lastKnownFileType = sourcecode.swift; path = "network .swift"; sourceTree = "<group>"; };
		5E5AFF872E22113C002A7426 /* AuthTokenRequest.swift */ = {isa = PBXFileReference; lastKnownFileType = sourcecode.swift; path = AuthTokenRequest.swift; sourceTree = "<group>"; };
		5E5AFF8A2E2212A4002A7426 /* APIToken .swift */ = {isa = PBXFileReference; lastKnownFileType = sourcecode.swift; path = "APIToken .swift"; sourceTree = "<group>"; };
		5E5AFF8D2E221568002A7426 /* AnimalsRequest.swift */ = {isa = PBXFileReference; lastKnownFileType = sourcecode.swift; path = AnimalsRequest.swift; sourceTree = "<group>"; };
		5E5AFF8F2E2217C9002A7426 /* AnimalsContainer.swift */ = {isa = PBXFileReference; lastKnownFileType = sourcecode.swift; path = AnimalsContainer.swift; sourceTree = "<group>"; };
		5E5AFF912E22196A002A7426 /* AnimalRow.swift */ = {isa = PBXFileReference; lastKnownFileType = sourcecode.swift; path = AnimalRow.swift; sourceTree = "<group>"; };
		5E5AFF942E221DC7002A7426 /* AccesTokenManager.swift */ = {isa = PBXFileReference; lastKnownFileType = sourcecode.swift; path = AccesTokenManager.swift; sourceTree = "<group>"; };
		5E5AFF962E221E33002A7426 /* AppUserDefaultsKeys.swift */ = {isa = PBXFileReference; lastKnownFileType = sourcecode.swift; path = AppUserDefaultsKeys.swift; sourceTree = "<group>"; };
		5E5AFF9C2E2241AD002A7426 /* APIManagerMock.swift */ = {isa = PBXFileReference; lastKnownFileType = sourcecode.swift; path = APIManagerMock.swift; sourceTree = "<group>"; };
		5E5AFF9E2E22422A002A7426 /* AccessTokenTestHelper.swift */ = {isa = PBXFileReference; lastKnownFileType = sourcecode.swift; path = AccessTokenTestHelper.swift; sourceTree = "<group>"; };
		5E5AFFA02E2242D2002A7426 /* AnimalsRequestMock.swift */ = {isa = PBXFileReference; lastKnownFileType = sourcecode.swift; path = AnimalsRequestMock.swift; sourceTree = "<group>"; };
		5E5AFFA22E224330002A7426 /* RequestManagerTests.swift */ = {isa = PBXFileReference; lastKnownFileType = sourcecode.swift; path = RequestManagerTests.swift; sourceTree = "<group>"; };
		5E5AFFA72E22AD28002A7426 /* AccesTokenManagerTests.swift */ = {isa = PBXFileReference; lastKnownFileType = sourcecode.swift; path = AccesTokenManagerTests.swift; sourceTree = "<group>"; };
		5E91E32D2E28C31800F73418 /* PetRankingView.swift */ = {isa = PBXFileReference; lastKnownFileType = sourcecode.swift; path = PetRankingView.swift; sourceTree = "<group>"; };
		5E91E32F2E28D6CF00F73418 /* Color+Extensions.swift */ = {isa = PBXFileReference; lastKnownFileType = sourcecode.swift; path = "Color+Extensions.swift"; sourceTree = "<group>"; };
		5E91E3312E292EE000F73418 /* LaunchScreen.storyboard */ = {isa = PBXFileReference; lastKnownFileType = file.storyboard; path = LaunchScreen.storyboard; sourceTree = "<group>"; };
		5EAB96212E26138600864462 /* PetSaveOnboarding.framework */ = {isa = PBXFileReference; explicitFileType = wrapper.framework; includeInIndex = 0; path = PetSaveOnboarding.framework; sourceTree = BUILT_PRODUCTS_DIR; };
		5EB2000F2E1CCE73007B75AA /* PetSave.app */ = {isa = PBXFileReference; explicitFileType = wrapper.application; includeInIndex = 0; path = PetSave.app; sourceTree = BUILT_PRODUCTS_DIR; };
		5EB2001D2E1CCE7A007B75AA /* Assets.xcassets */ = {isa = PBXFileReference; lastKnownFileType = folder.assetcatalog; path = Assets.xcassets; sourceTree = "<group>"; };
		5EB2001E2E1CCE7A007B75AA /* ContentView.swift */ = {isa = PBXFileReference; lastKnownFileType = sourcecode.swift; path = ContentView.swift; sourceTree = "<group>"; };
		5EB2001F2E1CCE7A007B75AA /* PetSaveApp.swift */ = {isa = PBXFileReference; lastKnownFileType = sourcecode.swift; path = PetSaveApp.swift; sourceTree = "<group>"; };
		5EB200282E1CCEE1007B75AA /* APIConstants.swift */ = {isa = PBXFileReference; lastKnownFileType = sourcecode.swift; path = APIConstants.swift; sourceTree = "<group>"; };
		5EB2002B2E1CCF1B007B75AA /* PetSave.xcdatamodel */ = {isa = PBXFileReference; lastKnownFileType = wrapper.xcdatamodel; path = PetSave.xcdatamodel; sourceTree = "<group>"; };
		5EB2002D2E1CCF64007B75AA /* Persistence.swift */ = {isa = PBXFileReference; lastKnownFileType = sourcecode.swift; path = Persistence.swift; sourceTree = "<group>"; };
		5EB200342E1CD296007B75AA /* Organization.swift */ = {isa = PBXFileReference; lastKnownFileType = sourcecode.swift; path = Organization.swift; sourceTree = "<group>"; };
		5EB200362E1CD2DB007B75AA /* User.swift */ = {isa = PBXFileReference; lastKnownFileType = sourcecode.swift; path = User.swift; sourceTree = "<group>"; };
		5EB200392E1CD305007B75AA /* Details .swift */ = {isa = PBXFileReference; lastKnownFileType = sourcecode.swift; path = "Details .swift"; sourceTree = "<group>"; };
		5EB2003B2E1CD372007B75AA /* Coat .swift */ = {isa = PBXFileReference; lastKnownFileType = sourcecode.swift; path = "Coat .swift"; sourceTree = "<group>"; };
		5EB2003D2E1CD3A8007B75AA /* Size.swift */ = {isa = PBXFileReference; lastKnownFileType = sourcecode.swift; path = Size.swift; sourceTree = "<group>"; };
		5EB2003F2E1CD3B9007B75AA /* Gender.swift */ = {isa = PBXFileReference; lastKnownFileType = sourcecode.swift; path = Gender.swift; sourceTree = "<group>"; };
		5EB200412E1CD3E6007B75AA /* Age.swift */ = {isa = PBXFileReference; lastKnownFileType = sourcecode.swift; path = Age.swift; sourceTree = "<group>"; };
		5EB200432E1CD400007B75AA /* Breed.swift */ = {isa = PBXFileReference; lastKnownFileType = sourcecode.swift; path = Breed.swift; sourceTree = "<group>"; };
		5EB200452E1CD416007B75AA /* PhotoSize.swift */ = {isa = PBXFileReference; lastKnownFileType = sourcecode.swift; path = PhotoSize.swift; sourceTree = "<group>"; };
		5EB200472E1CD42E007B75AA /* VideoLink.swift */ = {isa = PBXFileReference; lastKnownFileType = sourcecode.swift; path = VideoLink.swift; sourceTree = "<group>"; };
		5EB200492E1CD446007B75AA /* AnimalAttributes.swift */ = {isa = PBXFileReference; lastKnownFileType = sourcecode.swift; path = AnimalAttributes.swift; sourceTree = "<group>"; };
		5EB2004B2E1CD46F007B75AA /* AnimalEnviroment.swift */ = {isa = PBXFileReference; lastKnownFileType = sourcecode.swift; path = AnimalEnviroment.swift; sourceTree = "<group>"; };
		5EB2004D2E1CD485007B75AA /* APIColors.swift */ = {isa = PBXFileReference; lastKnownFileType = sourcecode.swift; path = APIColors.swift; sourceTree = "<group>"; };
		5EB2004F2E1CD49E007B75AA /* AdoptionStatus.swift */ = {isa = PBXFileReference; lastKnownFileType = sourcecode.swift; path = AdoptionStatus.swift; sourceTree = "<group>"; };
		5EB200512E1CD4AF007B75AA /* Pagination.swift */ = {isa = PBXFileReference; lastKnownFileType = sourcecode.swift; path = Pagination.swift; sourceTree = "<group>"; };
		5EB200542E1CD511007B75AA /* AddressFetcher.swift */ = {isa = PBXFileReference; lastKnownFileType = sourcecode.swift; path = AddressFetcher.swift; sourceTree = "<group>"; };
		5EB200562E1CD56B007B75AA /* LocationManager.swift */ = {isa = PBXFileReference; lastKnownFileType = sourcecode.swift; path = LocationManager.swift; sourceTree = "<group>"; };
		5EB200582E1CD603007B75AA /* AnimalDetailsView.swift */ = {isa = PBXFileReference; lastKnownFileType = sourcecode.swift; path = AnimalDetailsView.swift; sourceTree = "<group>"; };
		5EB200592E1CD603007B75AA /* AnimalDetailRow.swift */ = {isa = PBXFileReference; lastKnownFileType = sourcecode.swift; path = AnimalDetailRow.swift; sourceTree = "<group>"; };
		5EB2005A2E1CD603007B75AA /* AnimalDetailCard.swift */ = {isa = PBXFileReference; lastKnownFileType = sourcecode.swift; path = AnimalDetailCard.swift; sourceTree = "<group>"; };
		5EB2005B2E1CD603007B75AA /* AnimalContactsView.swift */ = {isa = PBXFileReference; lastKnownFileType = sourcecode.swift; path = AnimalContactsView.swift; sourceTree = "<group>"; };
		5EB2005C2E1CD603007B75AA /* AnimalContactLink.swift */ = {isa = PBXFileReference; lastKnownFileType = sourcecode.swift; path = AnimalContactLink.swift; sourceTree = "<group>"; };
		5EB2005D2E1CD603007B75AA /* AnimalLocationView.swift */ = {isa = PBXFileReference; lastKnownFileType = sourcecode.swift; path = AnimalLocationView.swift; sourceTree = "<group>"; };
		5EB2005E2E1CD603007B75AA /* AnimalHeaderView.swift */ = {isa = PBXFileReference; lastKnownFileType = sourcecode.swift; path = AnimalHeaderView.swift; sourceTree = "<group>"; };
		5EB2006A2E1CD701007B75AA /* AnimalsNearYouView.swift */ = {isa = PBXFileReference; lastKnownFileType = sourcecode.swift; path = AnimalsNearYouView.swift; sourceTree = "<group>"; };
		5EB2006E2E1CD7D3007B75AA /* AnimalSearchType.swift */ = {isa = PBXFileReference; lastKnownFileType = sourcecode.swift; path = AnimalSearchType.swift; sourceTree = "<group>"; };
		5EB200702E1CD7F9007B75AA /* AnimalSearchAge.swift */ = {isa = PBXFileReference; lastKnownFileType = sourcecode.swift; path = AnimalSearchAge.swift; sourceTree = "<group>"; };
		5EB200722E1CD80F007B75AA /* AnimalTypeSuggestionView.swift */ = {isa = PBXFileReference; lastKnownFileType = sourcecode.swift; path = AnimalTypeSuggestionView.swift; sourceTree = "<group>"; };
		5EB200732E1CD80F007B75AA /* EmptyResultsView.swift */ = {isa = PBXFileReference; lastKnownFileType = sourcecode.swift; path = EmptyResultsView.swift; sourceTree = "<group>"; };
		5EB200742E1CD80F007B75AA /* SuggestionsGrid.swift */ = {isa = PBXFileReference; lastKnownFileType = sourcecode.swift; path = SuggestionsGrid.swift; sourceTree = "<group>"; };
		5EB200752E1CD80F007B75AA /* SearchView.swift */ = {isa = PBXFileReference; lastKnownFileType = sourcecode.swift; path = SearchView.swift; sourceTree = "<group>"; };
		5EB200812E1CDB10007B75AA /* Info.plist */ = {isa = PBXFileReference; lastKnownFileType = text.plist.xml; path = Info.plist; sourceTree = "<group>"; };
		5EB200832E1CDC25007B75AA /* Preview Assets.xcassets */ = {isa = PBXFileReference; lastKnownFileType = folder.assetcatalog; path = "Preview Assets.xcassets"; sourceTree = "<group>"; };
		5EB200842E1CDC25007B75AA /* AnimalsMock.json */ = {isa = PBXFileReference; lastKnownFileType = text.json; path = AnimalsMock.json; sourceTree = "<group>"; };
		5EB9E7392E24ED1D00832196 /* AnimalsNearYouViewModelTestCase.swift */ = {isa = PBXFileReference; lastKnownFileType = sourcecode.swift; path = AnimalsNearYouViewModelTestCase.swift; sourceTree = "<group>"; };
		5EB9E7412E25F59500832196 /* AnimalListView.swift */ = {isa = PBXFileReference; lastKnownFileType = sourcecode.swift; path = AnimalListView.swift; sourceTree = "<group>"; };
		5EB9E7442E25F8F500832196 /* SearchViewModel.swift */ = {isa = PBXFileReference; lastKnownFileType = sourcecode.swift; path = SearchViewModel.swift; sourceTree = "<group>"; };
		5EB9E7472E25F98900832196 /* AnimalSearcherService.swift */ = {isa = PBXFileReference; lastKnownFileType = sourcecode.swift; path = AnimalSearcherService.swift; sourceTree = "<group>"; };
		5EB9E7492E25FC9600832196 /* AnimalSearcherMock.swift */ = {isa = PBXFileReference; lastKnownFileType = sourcecode.swift; path = AnimalSearcherMock.swift; sourceTree = "<group>"; };
		5EB9E74B2E25FF8600832196 /* SearchFilterView.swift */ = {isa = PBXFileReference; lastKnownFileType = sourcecode.swift; path = SearchFilterView.swift; sourceTree = "<group>"; };
		5EB9E74D2E26012C00832196 /* FilterAnimals.swift */ = {isa = PBXFileReference; lastKnownFileType = sourcecode.swift; path = FilterAnimals.swift; sourceTree = "<group>"; };
		5EC66FEC2E267C390030B3EF /* NavigationRouter.swift */ = {isa = PBXFileReference; lastKnownFileType = sourcecode.swift; path = NavigationRouter.swift; sourceTree = "<group>"; };
		5EC66FEE2E267FE40030B3EF /* PetSaveTabType .swift */ = {isa = PBXFileReference; lastKnownFileType = sourcecode.swift; path = "PetSaveTabType .swift"; sourceTree = "<group>"; };
		5EC66FF02E267FF70030B3EF /* PetSaveTabNavigator.swift */ = {isa = PBXFileReference; lastKnownFileType = sourcecode.swift; path = PetSaveTabNavigator.swift; sourceTree = "<group>"; };
		5EF0F4D42E2766C500534B2A /* LoadingAnimation.swift */ = {isa = PBXFileReference; lastKnownFileType = sourcecode.swift; path = LoadingAnimation.swift; sourceTree = "<group>"; };
/* End PBXFileReference section */

/* Begin PBXFrameworksBuildPhase section */
		5E5AFF502E20963B002A7426 /* Frameworks */ = {
			isa = PBXFrameworksBuildPhase;
			buildActionMask = 2147483647;
			files = (
			);
			runOnlyForDeploymentPostprocessing = 0;
		};
		5E5AFF642E20969E002A7426 /* Frameworks */ = {
			isa = PBXFrameworksBuildPhase;
			buildActionMask = 2147483647;
			files = (
			);
			runOnlyForDeploymentPostprocessing = 0;
		};
		5EAB961E2E26138600864462 /* Frameworks */ = {
			isa = PBXFrameworksBuildPhase;
			buildActionMask = 2147483647;
			files = (
			);
			runOnlyForDeploymentPostprocessing = 0;
		};
		5EB2000C2E1CCE73007B75AA /* Frameworks */ = {
			isa = PBXFrameworksBuildPhase;
			buildActionMask = 2147483647;
			files = (
				5EC66FEB2E2631DB0030B3EF /* PetSaveOnboarding in Frameworks */,
				5EAB96272E26138600864462 /* PetSaveOnboarding.framework in Frameworks */,
			);
			runOnlyForDeploymentPostprocessing = 0;
		};
/* End PBXFrameworksBuildPhase section */

/* Begin PBXGroup section */
		5E1F1ABC2E23D663002DC408 /* extensions */ = {
			isa = PBXGroup;
			children = (
				5E1F1ABD2E23D679002DC408 /* Address+CoreData.swift */,
				5E1F1AD32E23E1DF002DC408 /* Breed+CoreData.swift */,
				5E1F1ABE2E23D679002DC408 /* Animal+CoreData.swift */,
				5E1F1AD12E23DDEF002DC408 /* CoreDataPersistable.swift */,
				5E1F1ABF2E23D679002DC408 /* AnimalAttributes+CoreData.swift */,
				5E1F1AC02E23D679002DC408 /* AnimalEnvironment+CoreData.swift */,
				5E1F1AC12E23D679002DC408 /* APIColors+CoreData.swift */,
				5E1F1AC22E23D679002DC408 /* Contact+CoreData.swift */,
				5E1F1AC32E23D679002DC408 /* Organization+CoreData.swift */,
				5E1F1AC42E23D679002DC408 /* PhotoSizes+CoreData.swift */,
				5E1F1AC52E23D679002DC408 /* User+CoreData.swift */,
				5E1F1AC62E23D679002DC408 /* VideoLink+CoreData.swift */,
			);
			path = extensions;
			sourceTree = "<group>";
		};
		5E1F1AD52E24C63C002DC408 /* viewModels */ = {
			isa = PBXGroup;
			children = (
				5E1F1AD62E24C651002DC408 /* AnimalsNearYouViewModel.swift */,
			);
			path = viewModels;
			sourceTree = "<group>";
		};
		5E1F1AD82E24CAB4002DC408 /* services */ = {
			isa = PBXGroup;
			children = (
				5E1F1AD92E24CABF002DC408 /* FetchAnimalsService.swift */,
				5E1F1ADB2E24CCFB002DC408 /* AnimalsFetcherMock.swift */,
				5E1F1ADD2E24CDC1002DC408 /* AnimalStoreService.swift */,
			);
			path = services;
			sourceTree = "<group>";
		};
		5E43DE9B2E2605C30026C00E /* Search */ = {
			isa = PBXGroup;
			children = (
				5E43DE9C2E2605D10026C00E /* SearchViewModelTestCase.swift */,
			);
			path = Search;
			sourceTree = "<group>";
		};
		5E5AFF5D2E209641002A7426 /* PetSaveTests */ = {
			isa = PBXGroup;
			children = (
				5E5AFF622E209680002A7426 /* Tests */,
			);
			path = PetSaveTests;
			sourceTree = "<group>";
		};
		5E5AFF5F2E20965C002A7426 /* Core */ = {
			isa = PBXGroup;
			children = (
				5E5AFF602E209662002A7426 /* Data */,
			);
			path = Core;
			sourceTree = "<group>";
		};
		5E5AFF602E209662002A7426 /* Data */ = {
			isa = PBXGroup;
			children = (
				5E5AFF982E224150002A7426 /* api */,
				5E5AFF612E209668002A7426 /* CoreData */,
			);
			path = Data;
			sourceTree = "<group>";
		};
		5E5AFF612E209668002A7426 /* CoreData */ = {
			isa = PBXGroup;
			children = (
				5E5AFF5C2E209641002A7426 /* CoreDataTests.swift */,
			);
			path = CoreData;
			sourceTree = "<group>";
		};
		5E5AFF622E209680002A7426 /* Tests */ = {
			isa = PBXGroup;
			children = (
				5E43DE9B2E2605C30026C00E /* Search */,
				5EB9E7382E24ED0E00832196 /* AnimalsNearYou */,
				5E5AFF5F2E20965C002A7426 /* Core */,
			);
			path = Tests;
			sourceTree = "<group>";
		};
		5E5AFF742E2096A2002A7426 /* PetSaveUITests */ = {
			isa = PBXGroup;
			children = (
				5E5AFF722E2096A2002A7426 /* PetSaveUITests.swift */,
			);
			path = PetSaveUITests;
			sourceTree = "<group>";
		};
		5E5AFF772E22014B002A7426 /* request  */ = {
			isa = PBXGroup;
			children = (
				5E5AFF8C2E221555002A7426 /* AnimalsRequest */,
				5E5AFF862E221126002A7426 /* AuthTokenRequest */,
				5E5AFF782E220164002A7426 /* RequestProtocol.swift */,
				5E5AFF7A2E22023B002A7426 /* RequestType.swift */,
			);
			path = "request ";
			sourceTree = "<group>";
		};
		5E5AFF7C2E2207B9002A7426 /* network */ = {
			isa = PBXGroup;
			children = (
				5E5AFF7D2E2207CA002A7426 /* APIManager.swift */,
				5E5AFF7F2E220E69002A7426 /* RequestManager.swift */,
				5E5AFF842E220FFA002A7426 /* network .swift */,
			);
			path = network;
			sourceTree = "<group>";
		};
		5E5AFF812E220F21002A7426 /* parser */ = {
			isa = PBXGroup;
			children = (
				5E5AFF822E220F2C002A7426 /* DataParser.swift */,
			);
			path = parser;
			sourceTree = "<group>";
		};
		5E5AFF862E221126002A7426 /* AuthTokenRequest */ = {
			isa = PBXGroup;
			children = (
				5E5AFF872E22113C002A7426 /* AuthTokenRequest.swift */,
			);
			path = AuthTokenRequest;
			sourceTree = "<group>";
		};
		5E5AFF892E221293002A7426 /* model */ = {
			isa = PBXGroup;
			children = (
				5E5AFF8A2E2212A4002A7426 /* APIToken .swift */,
			);
			path = model;
			sourceTree = "<group>";
		};
		5E5AFF8C2E221555002A7426 /* AnimalsRequest */ = {
			isa = PBXGroup;
			children = (
				5E5AFF8D2E221568002A7426 /* AnimalsRequest.swift */,
			);
			path = AnimalsRequest;
			sourceTree = "<group>";
		};
		5E5AFF932E221DB3002A7426 /* token */ = {
			isa = PBXGroup;
			children = (
				5E5AFF942E221DC7002A7426 /* AccesTokenManager.swift */,
			);
			path = token;
			sourceTree = "<group>";
		};
		5E5AFF982E224150002A7426 /* api */ = {
			isa = PBXGroup;
			children = (
				5E5AFF9B2E224168002A7426 /* helper */,
				5E5AFF992E224159002A7426 /* mock */,
				5E5AFFA22E224330002A7426 /* RequestManagerTests.swift */,
				5E5AFFA72E22AD28002A7426 /* AccesTokenManagerTests.swift */,
			);
			path = api;
			sourceTree = "<group>";
		};
		5E5AFF992E224159002A7426 /* mock */ = {
			isa = PBXGroup;
			children = (
				5E5AFF9C2E2241AD002A7426 /* APIManagerMock.swift */,
				5E5AFFA02E2242D2002A7426 /* AnimalsRequestMock.swift */,
			);
			path = mock;
			sourceTree = "<group>";
		};
		5E5AFF9B2E224168002A7426 /* helper */ = {
			isa = PBXGroup;
			children = (
				5E5AFF9E2E22422A002A7426 /* AccessTokenTestHelper.swift */,
			);
			path = helper;
			sourceTree = "<group>";
		};
		5EB200062E1CCE72007B75AA = {
			isa = PBXGroup;
			children = (
				5EB200202E1CCE7A007B75AA /* PetSave */,
				5E5AFF5D2E209641002A7426 /* PetSaveTests */,
				5E5AFF742E2096A2002A7426 /* PetSaveUITests */,
				5EB200102E1CCE73007B75AA /* Products */,
			);
			sourceTree = "<group>";
		};
		5EB200102E1CCE73007B75AA /* Products */ = {
			isa = PBXGroup;
			children = (
				5EB2000F2E1CCE73007B75AA /* PetSave.app */,
				5E5AFF532E20963B002A7426 /* PetSaveTests.xctest */,
				5E5AFF672E20969E002A7426 /* PetSaveUITests.xctest */,
				5EAB96212E26138600864462 /* PetSaveOnboarding.framework */,
			);
			name = Products;
			sourceTree = "<group>";
		};
		5EB200202E1CCE7A007B75AA /* PetSave */ = {
			isa = PBXGroup;
			children = (
				5EB2006C2E1CD717007B75AA /* Search */,
				5EB200682E1CD6D1007B75AA /* AnimalsNearYou */,
				5EB200602E1CD603007B75AA /* AnimalDetails */,
				5EB200242E1CCEAA007B75AA /* Core */,
				5E228CBC2E2A5F7C0059EA41 /* sheep_sans.ttf */,
				5E228CC02E2A638A0059EA41 /* Localizable.strings */,
				5EB2001E2E1CCE7A007B75AA /* ContentView.swift */,
				5EB2001F2E1CCE7A007B75AA /* PetSaveApp.swift */,
				5EB2001D2E1CCE7A007B75AA /* Assets.xcassets */,
				5EB200812E1CDB10007B75AA /* Info.plist */,
				5EB200822E1CDC10007B75AA /* PreviewContent */,
				5E91E3312E292EE000F73418 /* LaunchScreen.storyboard */,
			);
			path = PetSave;
			sourceTree = "<group>";
		};
		5EB200242E1CCEAA007B75AA /* Core */ = {
			isa = PBXGroup;
			children = (
				5EB9E7402E25F58A00832196 /* Views */,
				5EB200252E1CCEB7007B75AA /* data */,
				5EB2002F2E1CD249007B75AA /* domain */,
				5EB200532E1CD4D7007B75AA /* utils */,
			);
			path = Core;
			sourceTree = "<group>";
		};
		5EB200252E1CCEB7007B75AA /* data */ = {
			isa = PBXGroup;
			children = (
				5EB200272E1CCEC5007B75AA /* CoreData */,
				5EB200262E1CCEBF007B75AA /* api */,
			);
			path = data;
			sourceTree = "<group>";
		};
		5EB200262E1CCEBF007B75AA /* api */ = {
			isa = PBXGroup;
			children = (
				5E5AFF932E221DB3002A7426 /* token */,
				5E5AFF892E221293002A7426 /* model */,
				5E5AFF812E220F21002A7426 /* parser */,
				5E5AFF7C2E2207B9002A7426 /* network */,
				5E5AFF772E22014B002A7426 /* request  */,
				5EB200282E1CCEE1007B75AA /* APIConstants.swift */,
			);
			path = api;
			sourceTree = "<group>";
		};
		5EB200272E1CCEC5007B75AA /* CoreData */ = {
			isa = PBXGroup;
			children = (
				5E1F1ABA2E23CF6B002DC408 /* CoreDataHelper.swift */,
				5E1F1ABC2E23D663002DC408 /* extensions */,
				5EB2002D2E1CCF64007B75AA /* Persistence.swift */,
				5EB2002A2E1CCF1B007B75AA /* PetSave.xcdatamodeld */,
			);
			path = CoreData;
			sourceTree = "<group>";
		};
		5EB2002F2E1CD249007B75AA /* domain */ = {
			isa = PBXGroup;
			children = (
				5EB200302E1CD258007B75AA /* model */,
			);
			path = domain;
			sourceTree = "<group>";
		};
		5EB200302E1CD258007B75AA /* model */ = {
			isa = PBXGroup;
			children = (
				5EB200332E1CD27F007B75AA /* user */,
				5EB200322E1CD273007B75AA /* organization */,
				5EB200312E1CD26D007B75AA /* animal */,
			);
			path = model;
			sourceTree = "<group>";
		};
		5EB200312E1CD26D007B75AA /* animal */ = {
			isa = PBXGroup;
			children = (
				5EB200382E1CD2E8007B75AA /* details */,
				5EB2003B2E1CD372007B75AA /* Coat .swift */,
				5E58CE7E2E1FE4D70049B458 /* Animal .swift */,
				5E5AFF4D2E1FEB64002A7426 /* AnimalsMock.swift */,
				5E5AFF8F2E2217C9002A7426 /* AnimalsContainer.swift */,
				5EB2003D2E1CD3A8007B75AA /* Size.swift */,
				5EB2003F2E1CD3B9007B75AA /* Gender.swift */,
				5EB200412E1CD3E6007B75AA /* Age.swift */,
				5EB200432E1CD400007B75AA /* Breed.swift */,
				5EB200452E1CD416007B75AA /* PhotoSize.swift */,
				5EB200472E1CD42E007B75AA /* VideoLink.swift */,
				5EB200492E1CD446007B75AA /* AnimalAttributes.swift */,
				5EB2004B2E1CD46F007B75AA /* AnimalEnviroment.swift */,
				5EB2004D2E1CD485007B75AA /* APIColors.swift */,
				5EB2004F2E1CD49E007B75AA /* AdoptionStatus.swift */,
				5EB200512E1CD4AF007B75AA /* Pagination.swift */,
			);
			path = animal;
			sourceTree = "<group>";
		};
		5EB200322E1CD273007B75AA /* organization */ = {
			isa = PBXGroup;
			children = (
				5EB200342E1CD296007B75AA /* Organization.swift */,
			);
			path = organization;
			sourceTree = "<group>";
		};
		5EB200332E1CD27F007B75AA /* user */ = {
			isa = PBXGroup;
			children = (
				5EB200362E1CD2DB007B75AA /* User.swift */,
			);
			path = user;
			sourceTree = "<group>";
		};
		5EB200382E1CD2E8007B75AA /* details */ = {
			isa = PBXGroup;
			children = (
				5EB200392E1CD305007B75AA /* Details .swift */,
			);
			path = details;
			sourceTree = "<group>";
		};
		5EB200532E1CD4D7007B75AA /* utils */ = {
			isa = PBXGroup;
			children = (
				5EB200542E1CD511007B75AA /* AddressFetcher.swift */,
				5EB200562E1CD56B007B75AA /* LocationManager.swift */,
				5E91E32F2E28D6CF00F73418 /* Color+Extensions.swift */,
				5E5AFF962E221E33002A7426 /* AppUserDefaultsKeys.swift */,
				5EC66FEC2E267C390030B3EF /* NavigationRouter.swift */,
				5E228CBE2E2A5FB60059EA41 /* CustomFont.swift */,
			);
			path = utils;
			sourceTree = "<group>";
		};
		5EB2005F2E1CD603007B75AA /* views */ = {
			isa = PBXGroup;
			children = (
				5EB200582E1CD603007B75AA /* AnimalDetailsView.swift */,
				5EB200592E1CD603007B75AA /* AnimalDetailRow.swift */,
				5EB2005A2E1CD603007B75AA /* AnimalDetailCard.swift */,
				5EB2005B2E1CD603007B75AA /* AnimalContactsView.swift */,
				5EB2005C2E1CD603007B75AA /* AnimalContactLink.swift */,
				5EB2005D2E1CD603007B75AA /* AnimalLocationView.swift */,
				5EB2005E2E1CD603007B75AA /* AnimalHeaderView.swift */,
			);
			path = views;
			sourceTree = "<group>";
		};
		5EB200602E1CD603007B75AA /* AnimalDetails */ = {
			isa = PBXGroup;
			children = (
				5EB2005F2E1CD603007B75AA /* views */,
			);
			path = AnimalDetails;
			sourceTree = "<group>";
		};
		5EB200682E1CD6D1007B75AA /* AnimalsNearYou */ = {
			isa = PBXGroup;
			children = (
				5E1F1AD82E24CAB4002DC408 /* services */,
				5E1F1AD52E24C63C002DC408 /* viewModels */,
				5EB200692E1CD6E4007B75AA /* view */,
			);
			path = AnimalsNearYou;
			sourceTree = "<group>";
		};
		5EB200692E1CD6E4007B75AA /* view */ = {
			isa = PBXGroup;
			children = (
				5EB2006A2E1CD701007B75AA /* AnimalsNearYouView.swift */,
				5E5AFF912E22196A002A7426 /* AnimalRow.swift */,
				5E1F1AE12E24EA42002DC408 /* AnimalAttributesCard.swift */,
				5E228CC42E2A6D020059EA41 /* RequestLocationView.swift */,
			);
			path = view;
			sourceTree = "<group>";
		};
		5EB2006C2E1CD717007B75AA /* Search */ = {
			isa = PBXGroup;
			children = (
				5EB9E7462E25F98100832196 /* services */,
				5EB9E7432E25F8EA00832196 /* viewModels */,
				5EB2006D2E1CD735007B75AA /* model */,
				5EB200762E1CD80F007B75AA /* views */,
			);
			path = Search;
			sourceTree = "<group>";
		};
		5EB2006D2E1CD735007B75AA /* model */ = {
			isa = PBXGroup;
			children = (
				5EB2006E2E1CD7D3007B75AA /* AnimalSearchType.swift */,
				5EB200702E1CD7F9007B75AA /* AnimalSearchAge.swift */,
			);
			path = model;
			sourceTree = "<group>";
		};
		5EB200762E1CD80F007B75AA /* views */ = {
			isa = PBXGroup;
			children = (
				5EB200722E1CD80F007B75AA /* AnimalTypeSuggestionView.swift */,
				5EB200732E1CD80F007B75AA /* EmptyResultsView.swift */,
				5EB200742E1CD80F007B75AA /* SuggestionsGrid.swift */,
				5EB200752E1CD80F007B75AA /* SearchView.swift */,
				5EB9E74B2E25FF8600832196 /* SearchFilterView.swift */,
			);
			path = views;
			sourceTree = "<group>";
		};
		5EB200822E1CDC10007B75AA /* PreviewContent */ = {
			isa = PBXGroup;
			children = (
				5EB200832E1CDC25007B75AA /* Preview Assets.xcassets */,
				5EB200842E1CDC25007B75AA /* AnimalsMock.json */,
			);
			path = PreviewContent;
			sourceTree = "<group>";
		};
		5EB9E7382E24ED0E00832196 /* AnimalsNearYou */ = {
			isa = PBXGroup;
			children = (
				5EB9E7392E24ED1D00832196 /* AnimalsNearYouViewModelTestCase.swift */,
			);
			path = AnimalsNearYou;
			sourceTree = "<group>";
		};
		5EB9E7402E25F58A00832196 /* Views */ = {
			isa = PBXGroup;
			children = (
				5EB9E7412E25F59500832196 /* AnimalListView.swift */,
				5E91E32D2E28C31800F73418 /* PetRankingView.swift */,
				5EC66FEE2E267FE40030B3EF /* PetSaveTabType .swift */,
				5EC66FF02E267FF70030B3EF /* PetSaveTabNavigator.swift */,
				5EF0F4D42E2766C500534B2A /* LoadingAnimation.swift */,
			);
			path = Views;
			sourceTree = "<group>";
		};
		5EB9E7432E25F8EA00832196 /* viewModels */ = {
			isa = PBXGroup;
			children = (
				5EB9E7442E25F8F500832196 /* SearchViewModel.swift */,
				5EB9E74D2E26012C00832196 /* FilterAnimals.swift */,
			);
			path = viewModels;
			sourceTree = "<group>";
		};
		5EB9E7462E25F98100832196 /* services */ = {
			isa = PBXGroup;
			children = (
				5EB9E7472E25F98900832196 /* AnimalSearcherService.swift */,
				5EB9E7492E25FC9600832196 /* AnimalSearcherMock.swift */,
			);
			path = services;
			sourceTree = "<group>";
		};
/* End PBXGroup section */

/* Begin PBXHeadersBuildPhase section */
		5EAB961C2E26138600864462 /* Headers */ = {
			isa = PBXHeadersBuildPhase;
			buildActionMask = 2147483647;
			files = (
			);
			runOnlyForDeploymentPostprocessing = 0;
		};
/* End PBXHeadersBuildPhase section */

/* Begin PBXNativeTarget section */
		5E5AFF522E20963B002A7426 /* PetSaveTests */ = {
			isa = PBXNativeTarget;
			buildConfigurationList = 5E5AFF592E20963B002A7426 /* Build configuration list for PBXNativeTarget "PetSaveTests" */;
			buildPhases = (
				5E5AFF4F2E20963B002A7426 /* Sources */,
				5E5AFF502E20963B002A7426 /* Frameworks */,
				5E5AFF512E20963B002A7426 /* Resources */,
			);
			buildRules = (
			);
			dependencies = (
				5E5AFF582E20963B002A7426 /* PBXTargetDependency */,
			);
			name = PetSaveTests;
			packageProductDependencies = (
			);
			productName = PetSaveTests;
			productReference = 5E5AFF532E20963B002A7426 /* PetSaveTests.xctest */;
			productType = "com.apple.product-type.bundle.unit-test";
		};
		5E5AFF662E20969E002A7426 /* PetSaveUITests */ = {
			isa = PBXNativeTarget;
			buildConfigurationList = 5E5AFF6F2E20969E002A7426 /* Build configuration list for PBXNativeTarget "PetSaveUITests" */;
			buildPhases = (
				5E5AFF632E20969E002A7426 /* Sources */,
				5E5AFF642E20969E002A7426 /* Frameworks */,
				5E5AFF652E20969E002A7426 /* Resources */,
			);
			buildRules = (
			);
			dependencies = (
				5E5AFF6E2E20969E002A7426 /* PBXTargetDependency */,
			);
			name = PetSaveUITests;
			packageProductDependencies = (
			);
			productName = PetSaveUITests;
			productReference = 5E5AFF672E20969E002A7426 /* PetSaveUITests.xctest */;
			productType = "com.apple.product-type.bundle.ui-testing";
		};
		5EAB96202E26138600864462 /* PetSaveOnboarding */ = {
			isa = PBXNativeTarget;
			buildConfigurationList = 5EAB962C2E26138600864462 /* Build configuration list for PBXNativeTarget "PetSaveOnboarding" */;
			buildPhases = (
				5EAB961C2E26138600864462 /* Headers */,
				5EAB961D2E26138600864462 /* Sources */,
				5EAB961E2E26138600864462 /* Frameworks */,
				5EAB961F2E26138600864462 /* Resources */,
			);
			buildRules = (
			);
			dependencies = (
			);
			name = PetSaveOnboarding;
			packageProductDependencies = (
			);
			productName = PetSaveOnboarding;
			productReference = 5EAB96212E26138600864462 /* PetSaveOnboarding.framework */;
			productType = "com.apple.product-type.framework";
		};
		5EB2000E2E1CCE73007B75AA /* PetSave */ = {
			isa = PBXNativeTarget;
			buildConfigurationList = 5EB2001A2E1CCE75007B75AA /* Build configuration list for PBXNativeTarget "PetSave" */;
			buildPhases = (
				5EB2000B2E1CCE73007B75AA /* Sources */,
				5EB2000C2E1CCE73007B75AA /* Frameworks */,
				5EB2000D2E1CCE73007B75AA /* Resources */,
				5EAB96292E26138600864462 /* Embed Frameworks */,
			);
			buildRules = (
			);
			dependencies = (
				5EAB96262E26138600864462 /* PBXTargetDependency */,
			);
			name = PetSave;
			packageProductDependencies = (
				5EC66FEA2E2631DB0030B3EF /* PetSaveOnboarding */,
			);
			productName = PetSave;
			productReference = 5EB2000F2E1CCE73007B75AA /* PetSave.app */;
			productType = "com.apple.product-type.application";
		};
/* End PBXNativeTarget section */

/* Begin PBXProject section */
		5EB200072E1CCE72007B75AA /* Project object */ = {
			isa = PBXProject;
			attributes = {
				BuildIndependentTargetsInParallel = 1;
				LastSwiftUpdateCheck = 1640;
				LastUpgradeCheck = 1640;
				TargetAttributes = {
					5E5AFF522E20963B002A7426 = {
						CreatedOnToolsVersion = 16.4;
						TestTargetID = 5EB2000E2E1CCE73007B75AA;
					};
					5E5AFF662E20969E002A7426 = {
						CreatedOnToolsVersion = 16.4;
						TestTargetID = 5EB2000E2E1CCE73007B75AA;
					};
					5EAB96202E26138600864462 = {
						CreatedOnToolsVersion = 16.4;
					};
					5EB2000E2E1CCE73007B75AA = {
						CreatedOnToolsVersion = 16.4;
					};
				};
			};
			buildConfigurationList = 5EB2000A2E1CCE72007B75AA /* Build configuration list for PBXProject "PetSave" */;
			developmentRegion = en;
			hasScannedForEncodings = 0;
			knownRegions = (
				en,
				Base,
				"es-US",
			);
			mainGroup = 5EB200062E1CCE72007B75AA;
			minimizedProjectReferenceProxies = 1;
			packageReferences = (
				5EC66FE92E2631DB0030B3EF /* XCRemoteSwiftPackageReference "PetSaveOnboarding" */,
			);
			preferredProjectObjectVersion = 77;
			productRefGroup = 5EB200102E1CCE73007B75AA /* Products */;
			projectDirPath = "";
			projectRoot = "";
			targets = (
				5EB2000E2E1CCE73007B75AA /* PetSave */,
				5E5AFF522E20963B002A7426 /* PetSaveTests */,
				5E5AFF662E20969E002A7426 /* PetSaveUITests */,
				5EAB96202E26138600864462 /* PetSaveOnboarding */,
			);
		};
/* End PBXProject section */

/* Begin PBXResourcesBuildPhase section */
		5E5AFF512E20963B002A7426 /* Resources */ = {
			isa = PBXResourcesBuildPhase;
			buildActionMask = 2147483647;
			files = (
				5E5AFFA52E22ACBD002A7426 /* AnimalsMock.json in Resources */,
			);
			runOnlyForDeploymentPostprocessing = 0;
		};
		5E5AFF652E20969E002A7426 /* Resources */ = {
			isa = PBXResourcesBuildPhase;
			buildActionMask = 2147483647;
			files = (
				5E5AFFA62E22ACBD002A7426 /* AnimalsMock.json in Resources */,
			);
			runOnlyForDeploymentPostprocessing = 0;
		};
		5EAB961F2E26138600864462 /* Resources */ = {
			isa = PBXResourcesBuildPhase;
			buildActionMask = 2147483647;
			files = (
			);
			runOnlyForDeploymentPostprocessing = 0;
		};
		5EB2000D2E1CCE73007B75AA /* Resources */ = {
			isa = PBXResourcesBuildPhase;
			buildActionMask = 2147483647;
			files = (
				5E228CC22E2A638A0059EA41 /* Localizable.strings in Resources */,
				5E91E3322E292EE000F73418 /* LaunchScreen.storyboard in Resources */,
				5EB200232E1CCE7A007B75AA /* Assets.xcassets in Resources */,
				5E5AFFA42E22ACBD002A7426 /* AnimalsMock.json in Resources */,
				5E228CBD2E2A5F7C0059EA41 /* sheep_sans.ttf in Resources */,
			);
			runOnlyForDeploymentPostprocessing = 0;
		};
/* End PBXResourcesBuildPhase section */

/* Begin PBXSourcesBuildPhase section */
		5E5AFF4F2E20963B002A7426 /* Sources */ = {
			isa = PBXSourcesBuildPhase;
			buildActionMask = 2147483647;
			files = (
				5E5AFF9F2E22422A002A7426 /* AccessTokenTestHelper.swift in Sources */,
				5E5AFFA82E22AD28002A7426 /* AccesTokenManagerTests.swift in Sources */,
				5E5AFFA32E224330002A7426 /* RequestManagerTests.swift in Sources */,
				5E5AFF9D2E2241AD002A7426 /* APIManagerMock.swift in Sources */,
				5E5AFF5E2E209641002A7426 /* CoreDataTests.swift in Sources */,
				5EB9E73A2E24ED1D00832196 /* AnimalsNearYouViewModelTestCase.swift in Sources */,
				5E43DE9D2E2605D10026C00E /* SearchViewModelTestCase.swift in Sources */,
				5E5AFFA12E2242D2002A7426 /* AnimalsRequestMock.swift in Sources */,
			);
			runOnlyForDeploymentPostprocessing = 0;
		};
		5E5AFF632E20969E002A7426 /* Sources */ = {
			isa = PBXSourcesBuildPhase;
			buildActionMask = 2147483647;
			files = (
				5E5AFF752E2096A2002A7426 /* PetSaveUITests.swift in Sources */,
			);
			runOnlyForDeploymentPostprocessing = 0;
		};
		5EAB961D2E26138600864462 /* Sources */ = {
			isa = PBXSourcesBuildPhase;
			buildActionMask = 2147483647;
			files = (
			);
			runOnlyForDeploymentPostprocessing = 0;
		};
		5EB2000B2E1CCE73007B75AA /* Sources */ = {
			isa = PBXSourcesBuildPhase;
			buildActionMask = 2147483647;
			files = (
				5EB9E7452E25F8F500832196 /* SearchViewModel.swift in Sources */,
				5EB9E7422E25F59500832196 /* AnimalListView.swift in Sources */,
				5EB200612E1CD603007B75AA /* AnimalHeaderView.swift in Sources */,
				5E5AFF832E220F2C002A7426 /* DataParser.swift in Sources */,
				5E5AFF4E2E1FEB64002A7426 /* AnimalsMock.swift in Sources */,
				5EB200622E1CD603007B75AA /* AnimalDetailRow.swift in Sources */,
				5E1F1AD72E24C651002DC408 /* AnimalsNearYouViewModel.swift in Sources */,
				5EB200632E1CD603007B75AA /* AnimalDetailCard.swift in Sources */,
				5EB200642E1CD603007B75AA /* AnimalContactLink.swift in Sources */,
				5E1F1AD22E23DDEF002DC408 /* CoreDataPersistable.swift in Sources */,
				5EC66FF12E267FF70030B3EF /* PetSaveTabNavigator.swift in Sources */,
				5EB2006B2E1CD701007B75AA /* AnimalsNearYouView.swift in Sources */,
				5EB200712E1CD7F9007B75AA /* AnimalSearchAge.swift in Sources */,
				5EB200652E1CD603007B75AA /* AnimalLocationView.swift in Sources */,
				5E5AFF902E2217C9002A7426 /* AnimalsContainer.swift in Sources */,
				5E5AFF8B2E2212A4002A7426 /* APIToken .swift in Sources */,
				5EB200662E1CD603007B75AA /* AnimalContactsView.swift in Sources */,
				5EB200672E1CD603007B75AA /* AnimalDetailsView.swift in Sources */,
				5EB2002C2E1CCF1B007B75AA /* PetSave.xcdatamodeld in Sources */,
				5EC66FEF2E267FE40030B3EF /* PetSaveTabType .swift in Sources */,
				5E1F1ADC2E24CCFB002DC408 /* AnimalsFetcherMock.swift in Sources */,
				5EB200442E1CD400007B75AA /* Breed.swift in Sources */,
				5EB200402E1CD3B9007B75AA /* Gender.swift in Sources */,
				5EB2006F2E1CD7D3007B75AA /* AnimalSearchType.swift in Sources */,
				5E1F1AC72E23D679002DC408 /* Contact+CoreData.swift in Sources */,
				5EB9E74A2E25FC9600832196 /* AnimalSearcherMock.swift in Sources */,
				5EB9E74E2E26012C00832196 /* FilterAnimals.swift in Sources */,
				5E228CC52E2A6D020059EA41 /* RequestLocationView.swift in Sources */,
				5E1F1AC82E23D679002DC408 /* VideoLink+CoreData.swift in Sources */,
				5E1F1AC92E23D679002DC408 /* Organization+CoreData.swift in Sources */,
				5EF0F4D52E2766C500534B2A /* LoadingAnimation.swift in Sources */,
				5E1F1ACA2E23D679002DC408 /* AnimalEnvironment+CoreData.swift in Sources */,
				5E1F1ACB2E23D679002DC408 /* Animal+CoreData.swift in Sources */,
				5E1F1ACC2E23D679002DC408 /* AnimalAttributes+CoreData.swift in Sources */,
				5E1F1ACD2E23D679002DC408 /* Address+CoreData.swift in Sources */,
				5E1F1ACE2E23D679002DC408 /* PhotoSizes+CoreData.swift in Sources */,
				5E1F1ACF2E23D679002DC408 /* User+CoreData.swift in Sources */,
				5E1F1AD02E23D679002DC408 /* APIColors+CoreData.swift in Sources */,
				5E5AFF852E220FFA002A7426 /* network .swift in Sources */,
				5E5AFF922E22196A002A7426 /* AnimalRow.swift in Sources */,
				5EB200212E1CCE7A007B75AA /* ContentView.swift in Sources */,
				5EB200222E1CCE7A007B75AA /* PetSaveApp.swift in Sources */,
				5EB2004C2E1CD46F007B75AA /* AnimalEnviroment.swift in Sources */,
				5EB9E74C2E25FF8600832196 /* SearchFilterView.swift in Sources */,
				5EB200552E1CD511007B75AA /* AddressFetcher.swift in Sources */,
				5EB200292E1CCEE1007B75AA /* APIConstants.swift in Sources */,
				5EB200482E1CD42E007B75AA /* VideoLink.swift in Sources */,
				5EB200352E1CD296007B75AA /* Organization.swift in Sources */,
				5EB200502E1CD49E007B75AA /* AdoptionStatus.swift in Sources */,
				5EB200462E1CD416007B75AA /* PhotoSize.swift in Sources */,
				5E228CBF2E2A5FB60059EA41 /* CustomFont.swift in Sources */,
				5EB2002E2E1CCF64007B75AA /* Persistence.swift in Sources */,
				5E5AFF792E220164002A7426 /* RequestProtocol.swift in Sources */,
				5EB2004A2E1CD446007B75AA /* AnimalAttributes.swift in Sources */,
				5E5AFF882E22113C002A7426 /* AuthTokenRequest.swift in Sources */,
				5EB200572E1CD56B007B75AA /* LocationManager.swift in Sources */,
				5EB2003E2E1CD3A8007B75AA /* Size.swift in Sources */,
				5E1F1ABB2E23CF6B002DC408 /* CoreDataHelper.swift in Sources */,
				5E91E3302E28D6CF00F73418 /* Color+Extensions.swift in Sources */,
				5EB200372E1CD2DB007B75AA /* User.swift in Sources */,
				5E1F1ADA2E24CABF002DC408 /* FetchAnimalsService.swift in Sources */,
				5E5AFF802E220E69002A7426 /* RequestManager.swift in Sources */,
				5E1F1AE22E24EA42002DC408 /* AnimalAttributesCard.swift in Sources */,
				5EB9E7482E25F98900832196 /* AnimalSearcherService.swift in Sources */,
				5E91E32E2E28C31800F73418 /* PetRankingView.swift in Sources */,
				5EB2004E2E1CD485007B75AA /* APIColors.swift in Sources */,
				5EB200422E1CD3E6007B75AA /* Age.swift in Sources */,
				5E5AFF8E2E221568002A7426 /* AnimalsRequest.swift in Sources */,
				5E58CE7F2E1FE4D70049B458 /* Animal .swift in Sources */,
				5EC66FED2E267C390030B3EF /* NavigationRouter.swift in Sources */,
				5EB200522E1CD4AF007B75AA /* Pagination.swift in Sources */,
				5EB200772E1CD80F007B75AA /* SuggestionsGrid.swift in Sources */,
				5E5AFF972E221E33002A7426 /* AppUserDefaultsKeys.swift in Sources */,
				5EB200782E1CD80F007B75AA /* SearchView.swift in Sources */,
				5E1F1ADE2E24CDC1002DC408 /* AnimalStoreService.swift in Sources */,
				5EB200792E1CD80F007B75AA /* AnimalTypeSuggestionView.swift in Sources */,
				5EB2007A2E1CD80F007B75AA /* EmptyResultsView.swift in Sources */,
				5EB2003C2E1CD372007B75AA /* Coat .swift in Sources */,
				5E5AFF7E2E2207CA002A7426 /* APIManager.swift in Sources */,
				5EB2003A2E1CD305007B75AA /* Details .swift in Sources */,
				5E5AFF7B2E22023B002A7426 /* RequestType.swift in Sources */,
				5E5AFF952E221DC7002A7426 /* AccesTokenManager.swift in Sources */,
				5E1F1AD42E23E1DF002DC408 /* Breed+CoreData.swift in Sources */,
			);
			runOnlyForDeploymentPostprocessing = 0;
		};
/* End PBXSourcesBuildPhase section */

/* Begin PBXTargetDependency section */
		5E5AFF582E20963B002A7426 /* PBXTargetDependency */ = {
			isa = PBXTargetDependency;
			target = 5EB2000E2E1CCE73007B75AA /* PetSave */;
			targetProxy = 5E5AFF572E20963B002A7426 /* PBXContainerItemProxy */;
		};
		5E5AFF6E2E20969E002A7426 /* PBXTargetDependency */ = {
			isa = PBXTargetDependency;
			target = 5EB2000E2E1CCE73007B75AA /* PetSave */;
			targetProxy = 5E5AFF6D2E20969E002A7426 /* PBXContainerItemProxy */;
		};
		5EAB96262E26138600864462 /* PBXTargetDependency */ = {
			isa = PBXTargetDependency;
			target = 5EAB96202E26138600864462 /* PetSaveOnboarding */;
			targetProxy = 5EAB96252E26138600864462 /* PBXContainerItemProxy */;
		};
/* End PBXTargetDependency section */

/* Begin PBXVariantGroup section */
		5E228CC02E2A638A0059EA41 /* Localizable.strings */ = {
			isa = PBXVariantGroup;
			children = (
				5E228CC12E2A638A0059EA41 /* en */,
				5E228CC32E2A63F80059EA41 /* es-US */,
			);
			name = Localizable.strings;
			sourceTree = "<group>";
		};
/* End PBXVariantGroup section */

/* Begin XCBuildConfiguration section */
		5E5AFF5A2E20963B002A7426 /* Debug */ = {
			isa = XCBuildConfiguration;
			buildSettings = {
				BUNDLE_LOADER = "$(TEST_HOST)";
				CODE_SIGN_STYLE = Automatic;
				CURRENT_PROJECT_VERSION = 1;
				DEVELOPMENT_TEAM = 386NUBNWC7;
				GENERATE_INFOPLIST_FILE = YES;
				MARKETING_VERSION = 1.0;
				PRODUCT_BUNDLE_IDENTIFIER = bss.dev.PetSaveTests;
				PRODUCT_NAME = "$(TARGET_NAME)";
				SWIFT_EMIT_LOC_STRINGS = NO;
				SWIFT_VERSION = 5.0;
				TARGETED_DEVICE_FAMILY = "1,2";
				TEST_HOST = "$(BUILT_PRODUCTS_DIR)/PetSave.app/$(BUNDLE_EXECUTABLE_FOLDER_PATH)/PetSave";
			};
			name = Debug;
		};
		5E5AFF5B2E20963B002A7426 /* Release */ = {
			isa = XCBuildConfiguration;
			buildSettings = {
				BUNDLE_LOADER = "$(TEST_HOST)";
				CODE_SIGN_STYLE = Automatic;
				CURRENT_PROJECT_VERSION = 1;
				DEVELOPMENT_TEAM = 386NUBNWC7;
				GENERATE_INFOPLIST_FILE = YES;
				MARKETING_VERSION = 1.0;
				PRODUCT_BUNDLE_IDENTIFIER = bss.dev.PetSaveTests;
				PRODUCT_NAME = "$(TARGET_NAME)";
				SWIFT_EMIT_LOC_STRINGS = NO;
				SWIFT_VERSION = 5.0;
				TARGETED_DEVICE_FAMILY = "1,2";
				TEST_HOST = "$(BUILT_PRODUCTS_DIR)/PetSave.app/$(BUNDLE_EXECUTABLE_FOLDER_PATH)/PetSave";
			};
			name = Release;
		};
		5E5AFF702E20969E002A7426 /* Debug */ = {
			isa = XCBuildConfiguration;
			buildSettings = {
				CODE_SIGN_STYLE = Automatic;
				CURRENT_PROJECT_VERSION = 1;
				DEVELOPMENT_TEAM = 386NUBNWC7;
				GENERATE_INFOPLIST_FILE = YES;
				MARKETING_VERSION = 1.0;
				PRODUCT_BUNDLE_IDENTIFIER = bss.dev.PetSaveUITests;
				PRODUCT_NAME = "$(TARGET_NAME)";
				SWIFT_EMIT_LOC_STRINGS = NO;
				SWIFT_VERSION = 5.0;
				TARGETED_DEVICE_FAMILY = "1,2";
				TEST_TARGET_NAME = PetSave;
			};
			name = Debug;
		};
		5E5AFF712E20969E002A7426 /* Release */ = {
			isa = XCBuildConfiguration;
			buildSettings = {
				CODE_SIGN_STYLE = Automatic;
				CURRENT_PROJECT_VERSION = 1;
				DEVELOPMENT_TEAM = 386NUBNWC7;
				GENERATE_INFOPLIST_FILE = YES;
				MARKETING_VERSION = 1.0;
				PRODUCT_BUNDLE_IDENTIFIER = bss.dev.PetSaveUITests;
				PRODUCT_NAME = "$(TARGET_NAME)";
				SWIFT_EMIT_LOC_STRINGS = NO;
				SWIFT_VERSION = 5.0;
				TARGETED_DEVICE_FAMILY = "1,2";
				TEST_TARGET_NAME = PetSave;
			};
			name = Release;
		};
		5EAB962A2E26138600864462 /* Debug */ = {
			isa = XCBuildConfiguration;
			buildSettings = {
				BUILD_LIBRARY_FOR_DISTRIBUTION = YES;
				CODE_SIGN_STYLE = Automatic;
				CURRENT_PROJECT_VERSION = 1;
				DEVELOPMENT_TEAM = 386NUBNWC7;
				DYLIB_COMPATIBILITY_VERSION = 1;
				DYLIB_CURRENT_VERSION = 1;
				DYLIB_INSTALL_NAME_BASE = "@rpath";
				ENABLE_MODULE_VERIFIER = YES;
				GENERATE_INFOPLIST_FILE = YES;
				INFOPLIST_KEY_NSHumanReadableCopyright = "";
				INSTALL_PATH = "$(LOCAL_LIBRARY_DIR)/Frameworks";
				LD_RUNPATH_SEARCH_PATHS = (
					"$(inherited)",
					"@executable_path/Frameworks",
					"@loader_path/Frameworks",
				);
				MARKETING_VERSION = 1.0;
				MODULE_VERIFIER_SUPPORTED_LANGUAGES = "objective-c objective-c++";
				MODULE_VERIFIER_SUPPORTED_LANGUAGE_STANDARDS = "gnu17 gnu++20";
				PRODUCT_BUNDLE_IDENTIFIER = bss.dev.PetSaveOnboarding;
				PRODUCT_NAME = "$(TARGET_NAME:c99extidentifier)";
				SKIP_INSTALL = YES;
				SWIFT_EMIT_LOC_STRINGS = YES;
				SWIFT_INSTALL_MODULE = YES;
				SWIFT_INSTALL_OBJC_HEADER = NO;
				SWIFT_VERSION = 5.0;
				TARGETED_DEVICE_FAMILY = "1,2";
				VERSIONING_SYSTEM = "apple-generic";
				VERSION_INFO_PREFIX = "";
			};
			name = Debug;
		};
		5EAB962B2E26138600864462 /* Release */ = {
			isa = XCBuildConfiguration;
			buildSettings = {
				BUILD_LIBRARY_FOR_DISTRIBUTION = YES;
				CODE_SIGN_STYLE = Automatic;
				CURRENT_PROJECT_VERSION = 1;
				DEVELOPMENT_TEAM = 386NUBNWC7;
				DYLIB_COMPATIBILITY_VERSION = 1;
				DYLIB_CURRENT_VERSION = 1;
				DYLIB_INSTALL_NAME_BASE = "@rpath";
				ENABLE_MODULE_VERIFIER = YES;
				GENERATE_INFOPLIST_FILE = YES;
				INFOPLIST_KEY_NSHumanReadableCopyright = "";
				INSTALL_PATH = "$(LOCAL_LIBRARY_DIR)/Frameworks";
				LD_RUNPATH_SEARCH_PATHS = (
					"$(inherited)",
					"@executable_path/Frameworks",
					"@loader_path/Frameworks",
				);
				MARKETING_VERSION = 1.0;
				MODULE_VERIFIER_SUPPORTED_LANGUAGES = "objective-c objective-c++";
				MODULE_VERIFIER_SUPPORTED_LANGUAGE_STANDARDS = "gnu17 gnu++20";
				PRODUCT_BUNDLE_IDENTIFIER = bss.dev.PetSaveOnboarding;
				PRODUCT_NAME = "$(TARGET_NAME:c99extidentifier)";
				SKIP_INSTALL = YES;
				SWIFT_EMIT_LOC_STRINGS = YES;
				SWIFT_INSTALL_MODULE = YES;
				SWIFT_INSTALL_OBJC_HEADER = NO;
				SWIFT_VERSION = 5.0;
				TARGETED_DEVICE_FAMILY = "1,2";
				VERSIONING_SYSTEM = "apple-generic";
				VERSION_INFO_PREFIX = "";
			};
			name = Release;
		};
		5EB200182E1CCE75007B75AA /* Debug */ = {
			isa = XCBuildConfiguration;
			buildSettings = {
				ALWAYS_SEARCH_USER_PATHS = NO;
				ASSETCATALOG_COMPILER_GENERATE_SWIFT_ASSET_SYMBOL_EXTENSIONS = YES;
				CLANG_ANALYZER_LOCALIZABILITY_NONLOCALIZED = YES;
				CLANG_ANALYZER_NONNULL = YES;
				CLANG_ANALYZER_NUMBER_OBJECT_CONVERSION = YES_AGGRESSIVE;
				CLANG_CXX_LANGUAGE_STANDARD = "gnu++20";
				CLANG_ENABLE_MODULES = YES;
				CLANG_ENABLE_OBJC_ARC = YES;
				CLANG_ENABLE_OBJC_WEAK = YES;
				CLANG_WARN_BLOCK_CAPTURE_AUTORELEASING = YES;
				CLANG_WARN_BOOL_CONVERSION = YES;
				CLANG_WARN_COMMA = YES;
				CLANG_WARN_CONSTANT_CONVERSION = YES;
				CLANG_WARN_DEPRECATED_OBJC_IMPLEMENTATIONS = YES;
				CLANG_WARN_DIRECT_OBJC_ISA_USAGE = YES_ERROR;
				CLANG_WARN_DOCUMENTATION_COMMENTS = YES;
				CLANG_WARN_EMPTY_BODY = YES;
				CLANG_WARN_ENUM_CONVERSION = YES;
				CLANG_WARN_INFINITE_RECURSION = YES;
				CLANG_WARN_INT_CONVERSION = YES;
				CLANG_WARN_NON_LITERAL_NULL_CONVERSION = YES;
				CLANG_WARN_OBJC_IMPLICIT_RETAIN_SELF = YES;
				CLANG_WARN_OBJC_LITERAL_CONVERSION = YES;
				CLANG_WARN_OBJC_ROOT_CLASS = YES_ERROR;
				CLANG_WARN_QUOTED_INCLUDE_IN_FRAMEWORK_HEADER = YES;
				CLANG_WARN_RANGE_LOOP_ANALYSIS = YES;
				CLANG_WARN_STRICT_PROTOTYPES = YES;
				CLANG_WARN_SUSPICIOUS_MOVE = YES;
				CLANG_WARN_UNGUARDED_AVAILABILITY = YES_AGGRESSIVE;
				CLANG_WARN_UNREACHABLE_CODE = YES;
				CLANG_WARN__DUPLICATE_METHOD_MATCH = YES;
				COPY_PHASE_STRIP = NO;
				DEBUG_INFORMATION_FORMAT = dwarf;
				DEVELOPMENT_TEAM = 386NUBNWC7;
				ENABLE_STRICT_OBJC_MSGSEND = YES;
				ENABLE_TESTABILITY = YES;
				ENABLE_USER_SCRIPT_SANDBOXING = YES;
				GCC_C_LANGUAGE_STANDARD = gnu17;
				GCC_DYNAMIC_NO_PIC = NO;
				GCC_NO_COMMON_BLOCKS = YES;
				GCC_OPTIMIZATION_LEVEL = 0;
				GCC_PREPROCESSOR_DEFINITIONS = (
					"DEBUG=1",
					"$(inherited)",
				);
				GCC_WARN_64_TO_32_BIT_CONVERSION = YES;
				GCC_WARN_ABOUT_RETURN_TYPE = YES_ERROR;
				GCC_WARN_UNDECLARED_SELECTOR = YES;
				GCC_WARN_UNINITIALIZED_AUTOS = YES_AGGRESSIVE;
				GCC_WARN_UNUSED_FUNCTION = YES;
				GCC_WARN_UNUSED_VARIABLE = YES;
				IPHONEOS_DEPLOYMENT_TARGET = 18.5;
				LOCALIZATION_PREFERS_STRING_CATALOGS = YES;
				MTL_ENABLE_DEBUG_INFO = INCLUDE_SOURCE;
				MTL_FAST_MATH = YES;
				ONLY_ACTIVE_ARCH = YES;
				SDKROOT = iphoneos;
				SWIFT_ACTIVE_COMPILATION_CONDITIONS = "DEBUG $(inherited)";
				SWIFT_OPTIMIZATION_LEVEL = "-Onone";
			};
			name = Debug;
		};
		5EB200192E1CCE75007B75AA /* Release */ = {
			isa = XCBuildConfiguration;
			buildSettings = {
				ALWAYS_SEARCH_USER_PATHS = NO;
				ASSETCATALOG_COMPILER_GENERATE_SWIFT_ASSET_SYMBOL_EXTENSIONS = YES;
				CLANG_ANALYZER_LOCALIZABILITY_NONLOCALIZED = YES;
				CLANG_ANALYZER_NONNULL = YES;
				CLANG_ANALYZER_NUMBER_OBJECT_CONVERSION = YES_AGGRESSIVE;
				CLANG_CXX_LANGUAGE_STANDARD = "gnu++20";
				CLANG_ENABLE_MODULES = YES;
				CLANG_ENABLE_OBJC_ARC = YES;
				CLANG_ENABLE_OBJC_WEAK = YES;
				CLANG_WARN_BLOCK_CAPTURE_AUTORELEASING = YES;
				CLANG_WARN_BOOL_CONVERSION = YES;
				CLANG_WARN_COMMA = YES;
				CLANG_WARN_CONSTANT_CONVERSION = YES;
				CLANG_WARN_DEPRECATED_OBJC_IMPLEMENTATIONS = YES;
				CLANG_WARN_DIRECT_OBJC_ISA_USAGE = YES_ERROR;
				CLANG_WARN_DOCUMENTATION_COMMENTS = YES;
				CLANG_WARN_EMPTY_BODY = YES;
				CLANG_WARN_ENUM_CONVERSION = YES;
				CLANG_WARN_INFINITE_RECURSION = YES;
				CLANG_WARN_INT_CONVERSION = YES;
				CLANG_WARN_NON_LITERAL_NULL_CONVERSION = YES;
				CLANG_WARN_OBJC_IMPLICIT_RETAIN_SELF = YES;
				CLANG_WARN_OBJC_LITERAL_CONVERSION = YES;
				CLANG_WARN_OBJC_ROOT_CLASS = YES_ERROR;
				CLANG_WARN_QUOTED_INCLUDE_IN_FRAMEWORK_HEADER = YES;
				CLANG_WARN_RANGE_LOOP_ANALYSIS = YES;
				CLANG_WARN_STRICT_PROTOTYPES = YES;
				CLANG_WARN_SUSPICIOUS_MOVE = YES;
				CLANG_WARN_UNGUARDED_AVAILABILITY = YES_AGGRESSIVE;
				CLANG_WARN_UNREACHABLE_CODE = YES;
				CLANG_WARN__DUPLICATE_METHOD_MATCH = YES;
				COPY_PHASE_STRIP = NO;
				DEBUG_INFORMATION_FORMAT = "dwarf-with-dsym";
				DEVELOPMENT_TEAM = 386NUBNWC7;
				ENABLE_NS_ASSERTIONS = NO;
				ENABLE_STRICT_OBJC_MSGSEND = YES;
				ENABLE_USER_SCRIPT_SANDBOXING = YES;
				GCC_C_LANGUAGE_STANDARD = gnu17;
				GCC_NO_COMMON_BLOCKS = YES;
				GCC_WARN_64_TO_32_BIT_CONVERSION = YES;
				GCC_WARN_ABOUT_RETURN_TYPE = YES_ERROR;
				GCC_WARN_UNDECLARED_SELECTOR = YES;
				GCC_WARN_UNINITIALIZED_AUTOS = YES_AGGRESSIVE;
				GCC_WARN_UNUSED_FUNCTION = YES;
				GCC_WARN_UNUSED_VARIABLE = YES;
				IPHONEOS_DEPLOYMENT_TARGET = 18.5;
				LOCALIZATION_PREFERS_STRING_CATALOGS = YES;
				MTL_ENABLE_DEBUG_INFO = NO;
				MTL_FAST_MATH = YES;
				SDKROOT = iphoneos;
				SWIFT_COMPILATION_MODE = wholemodule;
				VALIDATE_PRODUCT = YES;
			};
			name = Release;
		};
		5EB2001B2E1CCE75007B75AA /* Debug */ = {
			isa = XCBuildConfiguration;
			buildSettings = {
				ASSETCATALOG_COMPILER_APPICON_NAME = AppIcon;
				ASSETCATALOG_COMPILER_GLOBAL_ACCENT_COLOR_NAME = AccentColor;
				ASSETCATALOG_COMPILER_INCLUDE_ALL_APPICON_ASSETS = YES;
				CODE_SIGN_STYLE = Automatic;
				CURRENT_PROJECT_VERSION = 1;
				DEVELOPMENT_TEAM = 386NUBNWC7;
				ENABLE_PREVIEWS = YES;
				GENERATE_INFOPLIST_FILE = YES;
				INFOPLIST_FILE = PetSave/Info.plist;
				INFOPLIST_KEY_NSLocationWhenInUseUsageDescription = "PetSave uses your location to find animals near you.";
				INFOPLIST_KEY_UIApplicationSupportsIndirectInputEvents = YES;
				INFOPLIST_KEY_UILaunchStoryboardName = "LaunchScreen ";
				INFOPLIST_KEY_UIStatusBarHidden = YES;
				INFOPLIST_KEY_UISupportedInterfaceOrientations_iPad = "UIInterfaceOrientationPortrait UIInterfaceOrientationPortraitUpsideDown UIInterfaceOrientationLandscapeLeft UIInterfaceOrientationLandscapeRight";
				INFOPLIST_KEY_UISupportedInterfaceOrientations_iPhone = "UIInterfaceOrientationPortrait UIInterfaceOrientationLandscapeLeft UIInterfaceOrientationLandscapeRight";
				LD_RUNPATH_SEARCH_PATHS = (
					"$(inherited)",
					"@executable_path/Frameworks",
				);
				MARKETING_VERSION = 1.0;
				PRODUCT_BUNDLE_IDENTIFIER = bss.dev.PetSave;
				PRODUCT_NAME = "$(TARGET_NAME)";
				SWIFT_EMIT_LOC_STRINGS = YES;
				SWIFT_VERSION = 5.0;
				TARGETED_DEVICE_FAMILY = "1,2";
			};
			name = Debug;
		};
		5EB2001C2E1CCE75007B75AA /* Release */ = {
			isa = XCBuildConfiguration;
			buildSettings = {
				ASSETCATALOG_COMPILER_APPICON_NAME = AppIcon;
				ASSETCATALOG_COMPILER_GLOBAL_ACCENT_COLOR_NAME = AccentColor;
				ASSETCATALOG_COMPILER_INCLUDE_ALL_APPICON_ASSETS = YES;
				CODE_SIGN_STYLE = Automatic;
				CURRENT_PROJECT_VERSION = 1;
				DEVELOPMENT_TEAM = 386NUBNWC7;
				ENABLE_PREVIEWS = YES;
				GENERATE_INFOPLIST_FILE = YES;
				INFOPLIST_FILE = PetSave/Info.plist;
				INFOPLIST_KEY_NSLocationWhenInUseUsageDescription = "PetSave uses your location to find animals near you.";
				INFOPLIST_KEY_UIApplicationSupportsIndirectInputEvents = YES;
				INFOPLIST_KEY_UILaunchStoryboardName = "LaunchScreen ";
				INFOPLIST_KEY_UIStatusBarHidden = YES;
				INFOPLIST_KEY_UISupportedInterfaceOrientations_iPad = "UIInterfaceOrientationPortrait UIInterfaceOrientationPortraitUpsideDown UIInterfaceOrientationLandscapeLeft UIInterfaceOrientationLandscapeRight";
				INFOPLIST_KEY_UISupportedInterfaceOrientations_iPhone = "UIInterfaceOrientationPortrait UIInterfaceOrientationLandscapeLeft UIInterfaceOrientationLandscapeRight";
				LD_RUNPATH_SEARCH_PATHS = (
					"$(inherited)",
					"@executable_path/Frameworks",
				);
				MARKETING_VERSION = 1.0;
				PRODUCT_BUNDLE_IDENTIFIER = bss.dev.PetSave;
				PRODUCT_NAME = "$(TARGET_NAME)";
				SWIFT_EMIT_LOC_STRINGS = YES;
				SWIFT_VERSION = 5.0;
				TARGETED_DEVICE_FAMILY = "1,2";
			};
			name = Release;
		};
/* End XCBuildConfiguration section */

/* Begin XCConfigurationList section */
		5E5AFF592E20963B002A7426 /* Build configuration list for PBXNativeTarget "PetSaveTests" */ = {
			isa = XCConfigurationList;
			buildConfigurations = (
				5E5AFF5A2E20963B002A7426 /* Debug */,
				5E5AFF5B2E20963B002A7426 /* Release */,
			);
			defaultConfigurationIsVisible = 0;
			defaultConfigurationName = Release;
		};
		5E5AFF6F2E20969E002A7426 /* Build configuration list for PBXNativeTarget "PetSaveUITests" */ = {
			isa = XCConfigurationList;
			buildConfigurations = (
				5E5AFF702E20969E002A7426 /* Debug */,
				5E5AFF712E20969E002A7426 /* Release */,
			);
			defaultConfigurationIsVisible = 0;
			defaultConfigurationName = Release;
		};
		5EAB962C2E26138600864462 /* Build configuration list for PBXNativeTarget "PetSaveOnboarding" */ = {
			isa = XCConfigurationList;
			buildConfigurations = (
				5EAB962A2E26138600864462 /* Debug */,
				5EAB962B2E26138600864462 /* Release */,
			);
			defaultConfigurationIsVisible = 0;
			defaultConfigurationName = Release;
		};
		5EB2000A2E1CCE72007B75AA /* Build configuration list for PBXProject "PetSave" */ = {
			isa = XCConfigurationList;
			buildConfigurations = (
				5EB200182E1CCE75007B75AA /* Debug */,
				5EB200192E1CCE75007B75AA /* Release */,
			);
			defaultConfigurationIsVisible = 0;
			defaultConfigurationName = Release;
		};
		5EB2001A2E1CCE75007B75AA /* Build configuration list for PBXNativeTarget "PetSave" */ = {
			isa = XCConfigurationList;
			buildConfigurations = (
				5EB2001B2E1CCE75007B75AA /* Debug */,
				5EB2001C2E1CCE75007B75AA /* Release */,
			);
			defaultConfigurationIsVisible = 0;
			defaultConfigurationName = Release;
		};
/* End XCConfigurationList section */

/* Begin XCRemoteSwiftPackageReference section */
		5EC66FE92E2631DB0030B3EF /* XCRemoteSwiftPackageReference "PetSaveOnboarding" */ = {
			isa = XCRemoteSwiftPackageReference;
			repositoryURL = "https://github.com/sarvar-coder/PetSaveOnboarding.git";
			requirement = {
				branch = main;
				kind = branch;
			};
		};
/* End XCRemoteSwiftPackageReference section */

/* Begin XCSwiftPackageProductDependency section */
		5EC66FEA2E2631DB0030B3EF /* PetSaveOnboarding */ = {
			isa = XCSwiftPackageProductDependency;
			package = 5EC66FE92E2631DB0030B3EF /* XCRemoteSwiftPackageReference "PetSaveOnboarding" */;
			productName = PetSaveOnboarding;
		};
/* End XCSwiftPackageProductDependency section */

/* Begin XCVersionGroup section */
		5EB2002A2E1CCF1B007B75AA /* PetSave.xcdatamodeld */ = {
			isa = XCVersionGroup;
			children = (
				5EB2002B2E1CCF1B007B75AA /* PetSave.xcdatamodel */,
			);
			currentVersion = 5EB2002B2E1CCF1B007B75AA /* PetSave.xcdatamodel */;
			path = PetSave.xcdatamodeld;
			sourceTree = "<group>";
			versionGroupType = wrapper.xcdatamodel;
		};
/* End XCVersionGroup section */
	};
	rootObject = 5EB200072E1CCE72007B75AA /* Project object */;
}
